// !$*UTF8*$!
{
	archiveVersion = 1;
	classes = {
	};
	objectVersion = 55;
	objects = {

/* Begin PBXBuildFile section */
		73074C7C28ED5507001A90E7 /* RepoIssueDetailViewController.swift in Sources */ = {isa = PBXBuildFile; fileRef = 73074C7B28ED5507001A90E7 /* RepoIssueDetailViewController.swift */; };
		73074C7E28ED5664001A90E7 /* IssueDetail.swift in Sources */ = {isa = PBXBuildFile; fileRef = 73074C7D28ED5664001A90E7 /* IssueDetail.swift */; };
		73074C8028EDB955001A90E7 /* WebViewFooterView.swift in Sources */ = {isa = PBXBuildFile; fileRef = 73074C7F28EDB955001A90E7 /* WebViewFooterView.swift */; };
		73074CBE28EEC4AF001A90E7 /* TitleAndDescViewController.swift in Sources */ = {isa = PBXBuildFile; fileRef = 73074CBD28EEC4AF001A90E7 /* TitleAndDescViewController.swift */; };
		73074CC028EED421001A90E7 /* CommitView.swift in Sources */ = {isa = PBXBuildFile; fileRef = 73074CBF28EED421001A90E7 /* CommitView.swift */; };
		73074CC228EEE6C5001A90E7 /* UITextView+Placeholder.swift in Sources */ = {isa = PBXBuildFile; fileRef = 73074CC128EEE6C5001A90E7 /* UITextView+Placeholder.swift */; };
		73074CC428EEF54F001A90E7 /* HUD.swift in Sources */ = {isa = PBXBuildFile; fileRef = 73074CC328EEF54F001A90E7 /* HUD.swift */; };
		73074CC728EF4809001A90E7 /* LocalRepo.swift in Sources */ = {isa = PBXBuildFile; fileRef = 73074CC628EF4809001A90E7 /* LocalRepo.swift */; };
		73074CC928EF4992001A90E7 /* LocalRepoManager.swift in Sources */ = {isa = PBXBuildFile; fileRef = 73074CC828EF4992001A90E7 /* LocalRepoManager.swift */; };
		73074CCB28EF4AD0001A90E7 /* LocalDataViewController.swift in Sources */ = {isa = PBXBuildFile; fileRef = 73074CCA28EF4AD0001A90E7 /* LocalDataViewController.swift */; };
		73074CCD28EF4AFE001A90E7 /* LocalDataManager.swift in Sources */ = {isa = PBXBuildFile; fileRef = 73074CCC28EF4AFE001A90E7 /* LocalDataManager.swift */; };
		73074CCF28EF573D001A90E7 /* LocalRepoCell.swift in Sources */ = {isa = PBXBuildFile; fileRef = 73074CCE28EF573D001A90E7 /* LocalRepoCell.swift */; };
		73074CD128F1559D001A90E7 /* UserInfoViewController.swift in Sources */ = {isa = PBXBuildFile; fileRef = 73074CD028F1559D001A90E7 /* UserInfoViewController.swift */; };
		73074CD328F155CB001A90E7 /* UserInfoCell.swift in Sources */ = {isa = PBXBuildFile; fileRef = 73074CD228F155CB001A90E7 /* UserInfoCell.swift */; };
		73074CD528F166D8001A90E7 /* UserInfoEditViewController.swift in Sources */ = {isa = PBXBuildFile; fileRef = 73074CD428F166D8001A90E7 /* UserInfoEditViewController.swift */; };
		73101D3F28E3077C00DB5423 /* UserManager.swift in Sources */ = {isa = PBXBuildFile; fileRef = 73101D3E28E3077C00DB5423 /* UserManager.swift */; };
		73101D4128E30C5200DB5423 /* SimpleUserCell.swift in Sources */ = {isa = PBXBuildFile; fileRef = 73101D4028E30C5200DB5423 /* SimpleUserCell.swift */; };
		73101D4328E310D900DB5423 /* UserFollowingViewController.swift in Sources */ = {isa = PBXBuildFile; fileRef = 73101D4228E310D900DB5423 /* UserFollowingViewController.swift */; };
		73101D4928E47FB100DB5423 /* StatusModel.swift in Sources */ = {isa = PBXBuildFile; fileRef = 73101D4828E47FB100DB5423 /* StatusModel.swift */; };
		73101D4B28E4889B00DB5423 /* UserStatusView.swift in Sources */ = {isa = PBXBuildFile; fileRef = 73101D4A28E4889B00DB5423 /* UserStatusView.swift */; };
		73101D5028E4A10400DB5423 /* LocalDeveloperGroup.swift in Sources */ = {isa = PBXBuildFile; fileRef = 73101D4F28E4A10400DB5423 /* LocalDeveloperGroup.swift */; };
		73101D5A28E4A2AB00DB5423 /* rssfeed.json in Resources */ = {isa = PBXBuildFile; fileRef = 73101D5728E4A2AB00DB5423 /* rssfeed.json */; };
		73101D5B28E4A2AB00DB5423 /* repos.json in Resources */ = {isa = PBXBuildFile; fileRef = 73101D5828E4A2AB00DB5423 /* repos.json */; };
		73101D5F28E4A5E400DB5423 /* DevelopersViewController.swift in Sources */ = {isa = PBXBuildFile; fileRef = 73101D5E28E4A5E400DB5423 /* DevelopersViewController.swift */; };
		732016FF28F46DFB007B970F /* DateParser.swift in Sources */ = {isa = PBXBuildFile; fileRef = 732016FE28F46DFB007B970F /* DateParser.swift */; };
		7320170128F47B76007B970F /* RegularParser.swift in Sources */ = {isa = PBXBuildFile; fileRef = 7320170028F47B76007B970F /* RegularParser.swift */; };
		7320170328F48227007B970F /* FeedViewController.swift in Sources */ = {isa = PBXBuildFile; fileRef = 7320170228F48227007B970F /* FeedViewController.swift */; };
		7320170628F53455007B970F /* RssFeedAtomViewController.swift in Sources */ = {isa = PBXBuildFile; fileRef = 7320170528F53455007B970F /* RssFeedAtomViewController.swift */; };
		7320170928F535CB007B970F /* RssFeed.swift in Sources */ = {isa = PBXBuildFile; fileRef = 7320170828F535CB007B970F /* RssFeed.swift */; };
		7320170D28F5378E007B970F /* RssFeedAtom.swift in Sources */ = {isa = PBXBuildFile; fileRef = 7320170C28F5378E007B970F /* RssFeedAtom.swift */; };
		7320170F28F5385B007B970F /* RssFeedSimpleCell.swift in Sources */ = {isa = PBXBuildFile; fileRef = 7320170E28F5385B007B970F /* RssFeedSimpleCell.swift */; };
		732B21D028E1C09B005893C0 /* RepoStarView.swift in Sources */ = {isa = PBXBuildFile; fileRef = 732B21CF28E1C09B005893C0 /* RepoStarView.swift */; };
		732B21D328E228FD005893C0 /* NextPageModel.swift in Sources */ = {isa = PBXBuildFile; fileRef = 732B21D228E228FD005893C0 /* NextPageModel.swift */; };
		732B21D628E22B9A005893C0 /* NextPageLoadable.swift in Sources */ = {isa = PBXBuildFile; fileRef = 732B21D528E22B9A005893C0 /* NextPageLoadable.swift */; };
		7339201128F53DAC00DC76B0 /* RssFeedsViewController.swift in Sources */ = {isa = PBXBuildFile; fileRef = 7339201028F53DAC00DC76B0 /* RssFeedsViewController.swift */; };
		7339201328F5458100DC76B0 /* DateHelper.swift in Sources */ = {isa = PBXBuildFile; fileRef = 7339201228F5458100DC76B0 /* DateHelper.swift */; };
		7339201528F56D2900DC76B0 /* RssFeedManager.swift in Sources */ = {isa = PBXBuildFile; fileRef = 7339201428F56D2900DC76B0 /* RssFeedManager.swift */; };
		7339201728F587F100DC76B0 /* css.html in Resources */ = {isa = PBXBuildFile; fileRef = 7339201628F587F100DC76B0 /* css.html */; };
		7339201928F5883500DC76B0 /* RssFeedDetailViewController.swift in Sources */ = {isa = PBXBuildFile; fileRef = 7339201828F5883500DC76B0 /* RssFeedDetailViewController.swift */; };
		7339201F28F693EA00DC76B0 /* config.json in Resources */ = {isa = PBXBuildFile; fileRef = 7339201E28F693EA00DC76B0 /* config.json */; };
		7341DCC628DF2400009A3A3C /* TabBarController.swift in Sources */ = {isa = PBXBuildFile; fileRef = 7341DCC528DF2400009A3A3C /* TabBarController.swift */; };
		7341DCC828DF24CB009A3A3C /* NavigationController.swift in Sources */ = {isa = PBXBuildFile; fileRef = 7341DCC728DF24CB009A3A3C /* NavigationController.swift */; };
		7341DCCA28DF2B4B009A3A3C /* ImageCoder.swift in Sources */ = {isa = PBXBuildFile; fileRef = 7341DCC928DF2B4B009A3A3C /* ImageCoder.swift */; };
		7341DCCE28E03505009A3A3C /* NormalHeaderView.swift in Sources */ = {isa = PBXBuildFile; fileRef = 7341DCCD28E03505009A3A3C /* NormalHeaderView.swift */; };
		7341DCD028E03B17009A3A3C /* RepoHeaderView.swift in Sources */ = {isa = PBXBuildFile; fileRef = 7341DCCF28E03B17009A3A3C /* RepoHeaderView.swift */; };
		7341DCD228E03C6A009A3A3C /* RepoViewController.swift in Sources */ = {isa = PBXBuildFile; fileRef = 7341DCD128E03C6A009A3A3C /* RepoViewController.swift */; };
		7341DCD428E0422F009A3A3C /* RepoCell.swift in Sources */ = {isa = PBXBuildFile; fileRef = 7341DCD328E0422F009A3A3C /* RepoCell.swift */; };
		7341DCD828E05D98009A3A3C /* RepoFooterView.swift in Sources */ = {isa = PBXBuildFile; fileRef = 7341DCD728E05D98009A3A3C /* RepoFooterView.swift */; };
		735D0E072903115E00E618B3 /* DJCallStack.swift in Sources */ = {isa = PBXBuildFile; fileRef = 735D0E012903115D00E618B3 /* DJCallStack.swift */; };
		735D0E082903115E00E618B3 /* mach_stack_info.c in Sources */ = {isa = PBXBuildFile; fileRef = 735D0E022903115D00E618B3 /* mach_stack_info.c */; };
		735D0E092903115E00E618B3 /* DJStuckMonitor.swift in Sources */ = {isa = PBXBuildFile; fileRef = 735D0E032903115D00E618B3 /* DJStuckMonitor.swift */; };
		735D0E0A2903115E00E618B3 /* DJThreadInfoModel.swift in Sources */ = {isa = PBXBuildFile; fileRef = 735D0E042903115D00E618B3 /* DJThreadInfoModel.swift */; };
		735D0E0B2903115E00E618B3 /* StackAddressInfo.swift in Sources */ = {isa = PBXBuildFile; fileRef = 735D0E062903115D00E618B3 /* StackAddressInfo.swift */; };
		7374D19728E0BC1D00E6BE47 /* Readme.swift in Sources */ = {isa = PBXBuildFile; fileRef = 7374D19628E0BC1D00E6BE47 /* Readme.swift */; };
		73AACAD528D308A60072B1DF /* AppDelegate.swift in Sources */ = {isa = PBXBuildFile; fileRef = 73AACAD428D308A60072B1DF /* AppDelegate.swift */; };
		73AACAD728D308A60072B1DF /* SceneDelegate.swift in Sources */ = {isa = PBXBuildFile; fileRef = 73AACAD628D308A60072B1DF /* SceneDelegate.swift */; };
		73AACAD928D308A60072B1DF /* ViewController.swift in Sources */ = {isa = PBXBuildFile; fileRef = 73AACAD828D308A60072B1DF /* ViewController.swift */; };
		73AACADC28D308A60072B1DF /* Main.storyboard in Resources */ = {isa = PBXBuildFile; fileRef = 73AACADA28D308A60072B1DF /* Main.storyboard */; };
		73AACADE28D308A70072B1DF /* Assets.xcassets in Resources */ = {isa = PBXBuildFile; fileRef = 73AACADD28D308A70072B1DF /* Assets.xcassets */; };
		73AACAE128D308A70072B1DF /* LaunchScreen.storyboard in Resources */ = {isa = PBXBuildFile; fileRef = 73AACADF28D308A70072B1DF /* LaunchScreen.storyboard */; };
		73AACAEC28D308A70072B1DF /* DJGithubTests.swift in Sources */ = {isa = PBXBuildFile; fileRef = 73AACAEB28D308A70072B1DF /* DJGithubTests.swift */; };
		73AACAF628D308A70072B1DF /* DJGithubUITests.swift in Sources */ = {isa = PBXBuildFile; fileRef = 73AACAF528D308A70072B1DF /* DJGithubUITests.swift */; };
		73AACAF828D308A70072B1DF /* DJGithubUITestsLaunchTests.swift in Sources */ = {isa = PBXBuildFile; fileRef = 73AACAF728D308A70072B1DF /* DJGithubUITestsLaunchTests.swift */; };
		73AACB0828D30A3C0072B1DF /* Router.swift in Sources */ = {isa = PBXBuildFile; fileRef = 73AACB0728D30A3C0072B1DF /* Router.swift */; };
		73AACB0A28D30B0C0072B1DF /* URLConvertible.swift in Sources */ = {isa = PBXBuildFile; fileRef = 73AACB0928D30B0C0072B1DF /* URLConvertible.swift */; };
		73AACB0C28D30B3D0072B1DF /* Error.swift in Sources */ = {isa = PBXBuildFile; fileRef = 73AACB0B28D30B3D0072B1DF /* Error.swift */; };
		73AACB0F28D30C470072B1DF /* APIClient.swift in Sources */ = {isa = PBXBuildFile; fileRef = 73AACB0E28D30C470072B1DF /* APIClient.swift */; };
		73AACB1328D30F350072B1DF /* DJParser.swift in Sources */ = {isa = PBXBuildFile; fileRef = 73AACB1228D30F350072B1DF /* DJParser.swift */; };
		73AACB1828D312D30072B1DF /* GithubRouter.swift in Sources */ = {isa = PBXBuildFile; fileRef = 73AACB1728D312D30072B1DF /* GithubRouter.swift */; };
		73AACB2428D31A440072B1DF /* User.swift in Sources */ = {isa = PBXBuildFile; fileRef = 73AACB2328D31A440072B1DF /* User.swift */; };
		73AACB2928D321480072B1DF /* Result.swift in Sources */ = {isa = PBXBuildFile; fileRef = 73AACB2828D321480072B1DF /* Result.swift */; };
		73AACB2D28D32BB10072B1DF /* DJFileManager.swift in Sources */ = {isa = PBXBuildFile; fileRef = 73AACB2C28D32BB10072B1DF /* DJFileManager.swift */; };
		73AACB3428D357C80072B1DF /* UserViewController.swift in Sources */ = {isa = PBXBuildFile; fileRef = 73AACB3328D357C80072B1DF /* UserViewController.swift */; };
		73AACB3828D359260072B1DF /* SnapKit in Frameworks */ = {isa = PBXBuildFile; productRef = 73AACB3728D359260072B1DF /* SnapKit */; };
		73AACB3A28D359550072B1DF /* UserHeaderView.swift in Sources */ = {isa = PBXBuildFile; fileRef = 73AACB3928D359550072B1DF /* UserHeaderView.swift */; };
		73AACB3C28D35C360072B1DF /* Utils.swift in Sources */ = {isa = PBXBuildFile; fileRef = 73AACB3B28D35C360072B1DF /* Utils.swift */; };
		73AACB3E28D362430072B1DF /* Consts.swift in Sources */ = {isa = PBXBuildFile; fileRef = 73AACB3D28D362430072B1DF /* Consts.swift */; };
		73AACB4128D37E840072B1DF /* Kingfisher in Frameworks */ = {isa = PBXBuildFile; productRef = 73AACB4028D37E840072B1DF /* Kingfisher */; };
		73AACB4328D42C1B0072B1DF /* UINavigation+Router.swift in Sources */ = {isa = PBXBuildFile; fileRef = 73AACB4228D42C1B0072B1DF /* UINavigation+Router.swift */; };
		73AACB4828D443350072B1DF /* LoadingView.swift in Sources */ = {isa = PBXBuildFile; fileRef = 73AACB4728D443350072B1DF /* LoadingView.swift */; };
		73AACB4A28D4463B0072B1DF /* UIView+Loading.swift in Sources */ = {isa = PBXBuildFile; fileRef = 73AACB4928D4463B0072B1DF /* UIView+Loading.swift */; };
		73AACB4C28D45EA50072B1DF /* UserCell.swift in Sources */ = {isa = PBXBuildFile; fileRef = 73AACB4B28D45EA50072B1DF /* UserCell.swift */; };
		73AACB4E28D45F1F0072B1DF /* Color.swift in Sources */ = {isa = PBXBuildFile; fileRef = 73AACB4D28D45F1F0072B1DF /* Color.swift */; };
		73AACB5028D4618F0072B1DF /* UIView+Ext.swift in Sources */ = {isa = PBXBuildFile; fileRef = 73AACB4F28D4618F0072B1DF /* UIView+Ext.swift */; };
		73AACB5228D467850072B1DF /* UserContributionView.swift in Sources */ = {isa = PBXBuildFile; fileRef = 73AACB5128D467850072B1DF /* UserContributionView.swift */; };
		73AACB5428D47ECB0072B1DF /* UserContrbutionItemCell.swift in Sources */ = {isa = PBXBuildFile; fileRef = 73AACB5328D47ECB0072B1DF /* UserContrbutionItemCell.swift */; };
		73AACB5628D47FCB0072B1DF /* String+Ext.swift in Sources */ = {isa = PBXBuildFile; fileRef = 73AACB5528D47FCB0072B1DF /* String+Ext.swift */; };
		73AACB5828D483CA0072B1DF /* UserContributionCell.swift in Sources */ = {isa = PBXBuildFile; fileRef = 73AACB5728D483CA0072B1DF /* UserContributionCell.swift */; };
		73AACB5A28D4B8610072B1DF /* Repo.swift in Sources */ = {isa = PBXBuildFile; fileRef = 73AACB5928D4B8610072B1DF /* Repo.swift */; };
		73AACB5E28D4BD3B0072B1DF /* UserStaredReposViewController.swift in Sources */ = {isa = PBXBuildFile; fileRef = 73AACB5D28D4BD3B0072B1DF /* UserStaredReposViewController.swift */; };
		73AACB6028D4BE4F0072B1DF /* RepoManager.swift in Sources */ = {isa = PBXBuildFile; fileRef = 73AACB5F28D4BE4F0072B1DF /* RepoManager.swift */; };
		73AACB6228D4BEFE0072B1DF /* UserStaredRepoCell.swift in Sources */ = {isa = PBXBuildFile; fileRef = 73AACB6128D4BEFE0072B1DF /* UserStaredRepoCell.swift */; };
		73AACB6428D4E5000072B1DF /* Int+Ext.swift in Sources */ = {isa = PBXBuildFile; fileRef = 73AACB6328D4E5000072B1DF /* Int+Ext.swift */; };
		73AACB6A28D5ACBD0072B1DF /* UIColor+Ext.swift in Sources */ = {isa = PBXBuildFile; fileRef = 73AACB6928D5ACBD0072B1DF /* UIColor+Ext.swift */; };
		73AACB6C28D5AF7D0072B1DF /* LanguageManager.swift in Sources */ = {isa = PBXBuildFile; fileRef = 73AACB6B28D5AF7D0072B1DF /* LanguageManager.swift */; };
		73AACB7428D5BA2D0072B1DF /* Language.swift in Sources */ = {isa = PBXBuildFile; fileRef = 73AACB7328D5BA2D0072B1DF /* Language.swift */; };
		73AACB7728D5BBE90072B1DF /* SQLTable.swift in Sources */ = {isa = PBXBuildFile; fileRef = 73AACB7628D5BBE90072B1DF /* SQLTable.swift */; };
		73AACB7928D5BBF50072B1DF /* SQLiteDatabase.swift in Sources */ = {isa = PBXBuildFile; fileRef = 73AACB7828D5BBF50072B1DF /* SQLiteDatabase.swift */; };
		73AACB8B28D708740072B1DF /* UIScrollView+Refresh.swift in Sources */ = {isa = PBXBuildFile; fileRef = 73AACB8A28D708740072B1DF /* UIScrollView+Refresh.swift */; };
		73B7904828E51A3A002A9CDC /* UIImage+Ext.swift in Sources */ = {isa = PBXBuildFile; fileRef = 73B7904728E51A3A002A9CDC /* UIImage+Ext.swift */; };
		73B7904A28E52450002A9CDC /* LocalDevelopersViewController.swift in Sources */ = {isa = PBXBuildFile; fileRef = 73B7904928E52450002A9CDC /* LocalDevelopersViewController.swift */; };
		73B7904C28E5298D002A9CDC /* LocalDeveloperCell.swift in Sources */ = {isa = PBXBuildFile; fileRef = 73B7904B28E5298D002A9CDC /* LocalDeveloperCell.swift */; };
		73B7905228E53353002A9CDC /* Config.swift in Sources */ = {isa = PBXBuildFile; fileRef = 73B7905128E53353002A9CDC /* Config.swift */; };
		73B7905428E533C2002A9CDC /* ConfigManager.swift in Sources */ = {isa = PBXBuildFile; fileRef = 73B7905328E533C2002A9CDC /* ConfigManager.swift */; };
		73B7905828E541BE002A9CDC /* Bool+Ext.swift in Sources */ = {isa = PBXBuildFile; fileRef = 73B7905728E541BE002A9CDC /* Bool+Ext.swift */; };
		73B7905A28E56003002A9CDC /* RepoInteractViewController.swift in Sources */ = {isa = PBXBuildFile; fileRef = 73B7905928E56003002A9CDC /* RepoInteractViewController.swift */; };
		73B7905C28E59104002A9CDC /* HeaderSegmentView.swift in Sources */ = {isa = PBXBuildFile; fileRef = 73B7905B28E59104002A9CDC /* HeaderSegmentView.swift */; };
		73B7905E28E6D8EB002A9CDC /* UserFollowingManager.swift in Sources */ = {isa = PBXBuildFile; fileRef = 73B7905D28E6D8EB002A9CDC /* UserFollowingManager.swift */; };
		73B7906028E7E805002A9CDC /* SearchManager.swift in Sources */ = {isa = PBXBuildFile; fileRef = 73B7905F28E7E805002A9CDC /* SearchManager.swift */; };
		73B7906228E7EB8A002A9CDC /* SearchList.swift in Sources */ = {isa = PBXBuildFile; fileRef = 73B7906128E7EB8A002A9CDC /* SearchList.swift */; };
		73B7906628E7F133002A9CDC /* SearchViewController.swift in Sources */ = {isa = PBXBuildFile; fileRef = 73B7906528E7F133002A9CDC /* SearchViewController.swift */; };
		73B7906D28E972A9002A9CDC /* SearchWordManager.swift in Sources */ = {isa = PBXBuildFile; fileRef = 73B7906C28E972A9002A9CDC /* SearchWordManager.swift */; };
		73C598C528D85EF100DA86A1 /* PopoverView.swift in Sources */ = {isa = PBXBuildFile; fileRef = 73C598C428D85EF100DA86A1 /* PopoverView.swift */; };
		73C598C728D8617800DA86A1 /* UIApplication+Ext.swift in Sources */ = {isa = PBXBuildFile; fileRef = 73C598C628D8617800DA86A1 /* UIApplication+Ext.swift */; };
		73C598CD28D9E6A100DA86A1 /* URL+Ext.swift in Sources */ = {isa = PBXBuildFile; fileRef = 73C598CC28D9E6A100DA86A1 /* URL+Ext.swift */; };
		73D0DE252907B5F500F385E6 /* DJRefresh in Frameworks */ = {isa = PBXBuildFile; productRef = 73D0DE242907B5F500F385E6 /* DJRefresh */; };
		73DE29CC28E0C08200B48009 /* MarkdownView in Frameworks */ = {isa = PBXBuildFile; productRef = 73DE29CB28E0C08200B48009 /* MarkdownView */; };
		73DE29CE28E0C35200B48009 /* WebViewController.swift in Sources */ = {isa = PBXBuildFile; fileRef = 73DE29CD28E0C35200B48009 /* WebViewController.swift */; };
		73DF6BEC28EACF340003BDB8 /* SearchWordHeaderView.swift in Sources */ = {isa = PBXBuildFile; fileRef = 73DF6BEB28EACF340003BDB8 /* SearchWordHeaderView.swift */; };
		73DF6BEE28EADD160003BDB8 /* LocalDeveloperSectionHeaderView.swift in Sources */ = {isa = PBXBuildFile; fileRef = 73DF6BED28EADD160003BDB8 /* LocalDeveloperSectionHeaderView.swift */; };
		73DF6BF028EAE0A00003BDB8 /* DeveloperGroupManager.swift in Sources */ = {isa = PBXBuildFile; fileRef = 73DF6BEF28EAE0A00003BDB8 /* DeveloperGroupManager.swift */; };
		73DF6BF228EAE3060003BDB8 /* DJCodable.swift in Sources */ = {isa = PBXBuildFile; fileRef = 73DF6BF128EAE3060003BDB8 /* DJCodable.swift */; };
		73DF6BF428EB0DCB0003BDB8 /* developers.json in Resources */ = {isa = PBXBuildFile; fileRef = 73DF6BF328EB0DCB0003BDB8 /* developers.json */; };
		73DF6BFC28EBFD3E0003BDB8 /* RepoContent.swift in Sources */ = {isa = PBXBuildFile; fileRef = 73DF6BFB28EBFD3E0003BDB8 /* RepoContent.swift */; };
		73DF6BFE28EBFEE30003BDB8 /* RepoContentsViewController.swift in Sources */ = {isa = PBXBuildFile; fileRef = 73DF6BFD28EBFEE30003BDB8 /* RepoContentsViewController.swift */; };
		73DF6C0028EC00FD0003BDB8 /* RepoContentCell.swift in Sources */ = {isa = PBXBuildFile; fileRef = 73DF6BFF28EC00FD0003BDB8 /* RepoContentCell.swift */; };
		73DF6C0228EC1EE80003BDB8 /* RepoContentFileViewController.swift in Sources */ = {isa = PBXBuildFile; fileRef = 73DF6C0128EC1EE80003BDB8 /* RepoContentFileViewController.swift */; };
		73DF6C0428EC252E0003BDB8 /* String+File.swift in Sources */ = {isa = PBXBuildFile; fileRef = 73DF6C0328EC252E0003BDB8 /* String+File.swift */; };
		73DF6C0628EC68A00003BDB8 /* RepoIssuesViewController.swift in Sources */ = {isa = PBXBuildFile; fileRef = 73DF6C0528EC68A00003BDB8 /* RepoIssuesViewController.swift */; };
		73DF6C0828EC69840003BDB8 /* Issue.swift in Sources */ = {isa = PBXBuildFile; fileRef = 73DF6C0728EC69840003BDB8 /* Issue.swift */; };
		73DF6C0A28EC6A9C0003BDB8 /* IssueCell.swift in Sources */ = {isa = PBXBuildFile; fileRef = 73DF6C0928EC6A9C0003BDB8 /* IssueCell.swift */; };
		73DF6C0C28EC7A7A0003BDB8 /* RepoIssuesStateViewController.swift in Sources */ = {isa = PBXBuildFile; fileRef = 73DF6C0B28EC7A7A0003BDB8 /* RepoIssuesStateViewController.swift */; };
		73E14E4D28F3426900A9811D /* FeedManager.swift in Sources */ = {isa = PBXBuildFile; fileRef = 73E14E4C28F3426900A9811D /* FeedManager.swift */; };
		73E14E4F28F3477E00A9811D /* Feeds.swift in Sources */ = {isa = PBXBuildFile; fileRef = 73E14E4E28F3477E00A9811D /* Feeds.swift */; };
		73E14E5328F34FF200A9811D /* Parser.swift in Sources */ = {isa = PBXBuildFile; fileRef = 73E14E5228F34FF200A9811D /* Parser.swift */; };
		73E14E5628F3DAC800A9811D /* DJJSONParser.swift in Sources */ = {isa = PBXBuildFile; fileRef = 73E14E5528F3DAC800A9811D /* DJJSONParser.swift */; };
		73E14E5828F3DAE200A9811D /* DJXMLParsable.swift in Sources */ = {isa = PBXBuildFile; fileRef = 73E14E5728F3DAE200A9811D /* DJXMLParsable.swift */; };
		73E14E5D28F4151100A9811D /* FeedsViewController.swift in Sources */ = {isa = PBXBuildFile; fileRef = 73E14E5C28F4151100A9811D /* FeedsViewController.swift */; };
		73E14E5F28F415AD00A9811D /* FeedCell.swift in Sources */ = {isa = PBXBuildFile; fileRef = 73E14E5E28F415AD00A9811D /* FeedCell.swift */; };
/* End PBXBuildFile section */

/* Begin PBXContainerItemProxy section */
		73AACAE828D308A70072B1DF /* PBXContainerItemProxy */ = {
			isa = PBXContainerItemProxy;
			containerPortal = 73AACAC928D308A60072B1DF /* Project object */;
			proxyType = 1;
			remoteGlobalIDString = 73AACAD028D308A60072B1DF;
			remoteInfo = DJGithub;
		};
		73AACAF228D308A70072B1DF /* PBXContainerItemProxy */ = {
			isa = PBXContainerItemProxy;
			containerPortal = 73AACAC928D308A60072B1DF /* Project object */;
			proxyType = 1;
			remoteGlobalIDString = 73AACAD028D308A60072B1DF;
			remoteInfo = DJGithub;
		};
/* End PBXContainerItemProxy section */

/* Begin PBXFileReference section */
		73074C7B28ED5507001A90E7 /* RepoIssueDetailViewController.swift */ = {isa = PBXFileReference; lastKnownFileType = sourcecode.swift; path = RepoIssueDetailViewController.swift; sourceTree = "<group>"; };
		73074C7D28ED5664001A90E7 /* IssueDetail.swift */ = {isa = PBXFileReference; lastKnownFileType = sourcecode.swift; path = IssueDetail.swift; sourceTree = "<group>"; };
		73074C7F28EDB955001A90E7 /* WebViewFooterView.swift */ = {isa = PBXFileReference; lastKnownFileType = sourcecode.swift; path = WebViewFooterView.swift; sourceTree = "<group>"; };
		73074CBD28EEC4AF001A90E7 /* TitleAndDescViewController.swift */ = {isa = PBXFileReference; lastKnownFileType = sourcecode.swift; path = TitleAndDescViewController.swift; sourceTree = "<group>"; };
		73074CBF28EED421001A90E7 /* CommitView.swift */ = {isa = PBXFileReference; lastKnownFileType = sourcecode.swift; path = CommitView.swift; sourceTree = "<group>"; };
		73074CC128EEE6C5001A90E7 /* UITextView+Placeholder.swift */ = {isa = PBXFileReference; lastKnownFileType = sourcecode.swift; path = "UITextView+Placeholder.swift"; sourceTree = "<group>"; };
		73074CC328EEF54F001A90E7 /* HUD.swift */ = {isa = PBXFileReference; lastKnownFileType = sourcecode.swift; path = HUD.swift; sourceTree = "<group>"; };
		73074CC628EF4809001A90E7 /* LocalRepo.swift */ = {isa = PBXFileReference; lastKnownFileType = sourcecode.swift; path = LocalRepo.swift; sourceTree = "<group>"; };
		73074CC828EF4992001A90E7 /* LocalRepoManager.swift */ = {isa = PBXFileReference; lastKnownFileType = sourcecode.swift; path = LocalRepoManager.swift; sourceTree = "<group>"; };
		73074CCA28EF4AD0001A90E7 /* LocalDataViewController.swift */ = {isa = PBXFileReference; lastKnownFileType = sourcecode.swift; path = LocalDataViewController.swift; sourceTree = "<group>"; };
		73074CCC28EF4AFE001A90E7 /* LocalDataManager.swift */ = {isa = PBXFileReference; lastKnownFileType = sourcecode.swift; path = LocalDataManager.swift; sourceTree = "<group>"; };
		73074CCE28EF573D001A90E7 /* LocalRepoCell.swift */ = {isa = PBXFileReference; lastKnownFileType = sourcecode.swift; path = LocalRepoCell.swift; sourceTree = "<group>"; };
		73074CD028F1559D001A90E7 /* UserInfoViewController.swift */ = {isa = PBXFileReference; lastKnownFileType = sourcecode.swift; path = UserInfoViewController.swift; sourceTree = "<group>"; };
		73074CD228F155CB001A90E7 /* UserInfoCell.swift */ = {isa = PBXFileReference; lastKnownFileType = sourcecode.swift; path = UserInfoCell.swift; sourceTree = "<group>"; };
		73074CD428F166D8001A90E7 /* UserInfoEditViewController.swift */ = {isa = PBXFileReference; lastKnownFileType = sourcecode.swift; path = UserInfoEditViewController.swift; sourceTree = "<group>"; };
		73101D3E28E3077C00DB5423 /* UserManager.swift */ = {isa = PBXFileReference; lastKnownFileType = sourcecode.swift; path = UserManager.swift; sourceTree = "<group>"; };
		73101D4028E30C5200DB5423 /* SimpleUserCell.swift */ = {isa = PBXFileReference; lastKnownFileType = sourcecode.swift; path = SimpleUserCell.swift; sourceTree = "<group>"; };
		73101D4228E310D900DB5423 /* UserFollowingViewController.swift */ = {isa = PBXFileReference; lastKnownFileType = sourcecode.swift; path = UserFollowingViewController.swift; sourceTree = "<group>"; };
		73101D4828E47FB100DB5423 /* StatusModel.swift */ = {isa = PBXFileReference; lastKnownFileType = sourcecode.swift; path = StatusModel.swift; sourceTree = "<group>"; };
		73101D4A28E4889B00DB5423 /* UserStatusView.swift */ = {isa = PBXFileReference; lastKnownFileType = sourcecode.swift; path = UserStatusView.swift; sourceTree = "<group>"; };
		73101D4F28E4A10400DB5423 /* LocalDeveloperGroup.swift */ = {isa = PBXFileReference; lastKnownFileType = sourcecode.swift; path = LocalDeveloperGroup.swift; sourceTree = "<group>"; };
		73101D5728E4A2AB00DB5423 /* rssfeed.json */ = {isa = PBXFileReference; fileEncoding = 4; lastKnownFileType = text.json; path = rssfeed.json; sourceTree = "<group>"; };
		73101D5828E4A2AB00DB5423 /* repos.json */ = {isa = PBXFileReference; fileEncoding = 4; lastKnownFileType = text.json; path = repos.json; sourceTree = "<group>"; };
		73101D5E28E4A5E400DB5423 /* DevelopersViewController.swift */ = {isa = PBXFileReference; lastKnownFileType = sourcecode.swift; path = DevelopersViewController.swift; sourceTree = "<group>"; };
		732016FE28F46DFB007B970F /* DateParser.swift */ = {isa = PBXFileReference; lastKnownFileType = sourcecode.swift; path = DateParser.swift; sourceTree = "<group>"; };
		7320170028F47B76007B970F /* RegularParser.swift */ = {isa = PBXFileReference; lastKnownFileType = sourcecode.swift; path = RegularParser.swift; sourceTree = "<group>"; };
		7320170228F48227007B970F /* FeedViewController.swift */ = {isa = PBXFileReference; lastKnownFileType = sourcecode.swift; path = FeedViewController.swift; sourceTree = "<group>"; };
		7320170528F53455007B970F /* RssFeedAtomViewController.swift */ = {isa = PBXFileReference; lastKnownFileType = sourcecode.swift; path = RssFeedAtomViewController.swift; sourceTree = "<group>"; };
		7320170828F535CB007B970F /* RssFeed.swift */ = {isa = PBXFileReference; lastKnownFileType = sourcecode.swift; path = RssFeed.swift; sourceTree = "<group>"; };
		7320170C28F5378E007B970F /* RssFeedAtom.swift */ = {isa = PBXFileReference; lastKnownFileType = sourcecode.swift; path = RssFeedAtom.swift; sourceTree = "<group>"; };
		7320170E28F5385B007B970F /* RssFeedSimpleCell.swift */ = {isa = PBXFileReference; lastKnownFileType = sourcecode.swift; path = RssFeedSimpleCell.swift; sourceTree = "<group>"; };
		732B21CF28E1C09B005893C0 /* RepoStarView.swift */ = {isa = PBXFileReference; lastKnownFileType = sourcecode.swift; path = RepoStarView.swift; sourceTree = "<group>"; };
		732B21D228E228FD005893C0 /* NextPageModel.swift */ = {isa = PBXFileReference; lastKnownFileType = sourcecode.swift; path = NextPageModel.swift; sourceTree = "<group>"; };
		732B21D528E22B9A005893C0 /* NextPageLoadable.swift */ = {isa = PBXFileReference; lastKnownFileType = sourcecode.swift; path = NextPageLoadable.swift; sourceTree = "<group>"; };
		7339201028F53DAC00DC76B0 /* RssFeedsViewController.swift */ = {isa = PBXFileReference; lastKnownFileType = sourcecode.swift; path = RssFeedsViewController.swift; sourceTree = "<group>"; };
		7339201228F5458100DC76B0 /* DateHelper.swift */ = {isa = PBXFileReference; lastKnownFileType = sourcecode.swift; path = DateHelper.swift; sourceTree = "<group>"; };
		7339201428F56D2900DC76B0 /* RssFeedManager.swift */ = {isa = PBXFileReference; lastKnownFileType = sourcecode.swift; path = RssFeedManager.swift; sourceTree = "<group>"; };
		7339201628F587F100DC76B0 /* css.html */ = {isa = PBXFileReference; lastKnownFileType = text.html; path = css.html; sourceTree = "<group>"; };
		7339201828F5883500DC76B0 /* RssFeedDetailViewController.swift */ = {isa = PBXFileReference; lastKnownFileType = sourcecode.swift; path = RssFeedDetailViewController.swift; sourceTree = "<group>"; };
		7339201E28F693EA00DC76B0 /* config.json */ = {isa = PBXFileReference; lastKnownFileType = text.json; path = config.json; sourceTree = "<group>"; };
		7341DCC528DF2400009A3A3C /* TabBarController.swift */ = {isa = PBXFileReference; lastKnownFileType = sourcecode.swift; path = TabBarController.swift; sourceTree = "<group>"; };
		7341DCC728DF24CB009A3A3C /* NavigationController.swift */ = {isa = PBXFileReference; lastKnownFileType = sourcecode.swift; path = NavigationController.swift; sourceTree = "<group>"; };
		7341DCC928DF2B4B009A3A3C /* ImageCoder.swift */ = {isa = PBXFileReference; lastKnownFileType = sourcecode.swift; path = ImageCoder.swift; sourceTree = "<group>"; };
		7341DCCD28E03505009A3A3C /* NormalHeaderView.swift */ = {isa = PBXFileReference; lastKnownFileType = sourcecode.swift; path = NormalHeaderView.swift; sourceTree = "<group>"; };
		7341DCCF28E03B17009A3A3C /* RepoHeaderView.swift */ = {isa = PBXFileReference; lastKnownFileType = sourcecode.swift; path = RepoHeaderView.swift; sourceTree = "<group>"; };
		7341DCD128E03C6A009A3A3C /* RepoViewController.swift */ = {isa = PBXFileReference; lastKnownFileType = sourcecode.swift; path = RepoViewController.swift; sourceTree = "<group>"; };
		7341DCD328E0422F009A3A3C /* RepoCell.swift */ = {isa = PBXFileReference; lastKnownFileType = sourcecode.swift; path = RepoCell.swift; sourceTree = "<group>"; };
		7341DCD728E05D98009A3A3C /* RepoFooterView.swift */ = {isa = PBXFileReference; lastKnownFileType = sourcecode.swift; path = RepoFooterView.swift; sourceTree = "<group>"; };
		735D0E012903115D00E618B3 /* DJCallStack.swift */ = {isa = PBXFileReference; fileEncoding = 4; lastKnownFileType = sourcecode.swift; path = DJCallStack.swift; sourceTree = "<group>"; };
		735D0E022903115D00E618B3 /* mach_stack_info.c */ = {isa = PBXFileReference; fileEncoding = 4; lastKnownFileType = sourcecode.c.c; path = mach_stack_info.c; sourceTree = "<group>"; };
		735D0E032903115D00E618B3 /* DJStuckMonitor.swift */ = {isa = PBXFileReference; fileEncoding = 4; lastKnownFileType = sourcecode.swift; path = DJStuckMonitor.swift; sourceTree = "<group>"; };
		735D0E042903115D00E618B3 /* DJThreadInfoModel.swift */ = {isa = PBXFileReference; fileEncoding = 4; lastKnownFileType = sourcecode.swift; path = DJThreadInfoModel.swift; sourceTree = "<group>"; };
		735D0E052903115D00E618B3 /* mach_stack_info.h */ = {isa = PBXFileReference; fileEncoding = 4; lastKnownFileType = sourcecode.c.h; path = mach_stack_info.h; sourceTree = "<group>"; };
		735D0E062903115D00E618B3 /* StackAddressInfo.swift */ = {isa = PBXFileReference; fileEncoding = 4; lastKnownFileType = sourcecode.swift; path = StackAddressInfo.swift; sourceTree = "<group>"; };
		7374D19628E0BC1D00E6BE47 /* Readme.swift */ = {isa = PBXFileReference; lastKnownFileType = sourcecode.swift; path = Readme.swift; sourceTree = "<group>"; };
		73AACAD128D308A60072B1DF /* DJGithub.app */ = {isa = PBXFileReference; explicitFileType = wrapper.application; includeInIndex = 0; path = DJGithub.app; sourceTree = BUILT_PRODUCTS_DIR; };
		73AACAD428D308A60072B1DF /* AppDelegate.swift */ = {isa = PBXFileReference; lastKnownFileType = sourcecode.swift; path = AppDelegate.swift; sourceTree = "<group>"; };
		73AACAD628D308A60072B1DF /* SceneDelegate.swift */ = {isa = PBXFileReference; lastKnownFileType = sourcecode.swift; path = SceneDelegate.swift; sourceTree = "<group>"; };
		73AACAD828D308A60072B1DF /* ViewController.swift */ = {isa = PBXFileReference; lastKnownFileType = sourcecode.swift; path = ViewController.swift; sourceTree = "<group>"; };
		73AACADB28D308A60072B1DF /* Base */ = {isa = PBXFileReference; lastKnownFileType = file.storyboard; name = Base; path = Base.lproj/Main.storyboard; sourceTree = "<group>"; };
		73AACADD28D308A70072B1DF /* Assets.xcassets */ = {isa = PBXFileReference; lastKnownFileType = folder.assetcatalog; path = Assets.xcassets; sourceTree = "<group>"; };
		73AACAE028D308A70072B1DF /* Base */ = {isa = PBXFileReference; lastKnownFileType = file.storyboard; name = Base; path = Base.lproj/LaunchScreen.storyboard; sourceTree = "<group>"; };
		73AACAE228D308A70072B1DF /* Info.plist */ = {isa = PBXFileReference; lastKnownFileType = text.plist.xml; path = Info.plist; sourceTree = "<group>"; };
		73AACAE728D308A70072B1DF /* DJGithubTests.xctest */ = {isa = PBXFileReference; explicitFileType = wrapper.cfbundle; includeInIndex = 0; path = DJGithubTests.xctest; sourceTree = BUILT_PRODUCTS_DIR; };
		73AACAEB28D308A70072B1DF /* DJGithubTests.swift */ = {isa = PBXFileReference; lastKnownFileType = sourcecode.swift; path = DJGithubTests.swift; sourceTree = "<group>"; };
		73AACAF128D308A70072B1DF /* DJGithubUITests.xctest */ = {isa = PBXFileReference; explicitFileType = wrapper.cfbundle; includeInIndex = 0; path = DJGithubUITests.xctest; sourceTree = BUILT_PRODUCTS_DIR; };
		73AACAF528D308A70072B1DF /* DJGithubUITests.swift */ = {isa = PBXFileReference; lastKnownFileType = sourcecode.swift; path = DJGithubUITests.swift; sourceTree = "<group>"; };
		73AACAF728D308A70072B1DF /* DJGithubUITestsLaunchTests.swift */ = {isa = PBXFileReference; lastKnownFileType = sourcecode.swift; path = DJGithubUITestsLaunchTests.swift; sourceTree = "<group>"; };
		73AACB0728D30A3C0072B1DF /* Router.swift */ = {isa = PBXFileReference; lastKnownFileType = sourcecode.swift; path = Router.swift; sourceTree = "<group>"; };
		73AACB0928D30B0C0072B1DF /* URLConvertible.swift */ = {isa = PBXFileReference; lastKnownFileType = sourcecode.swift; path = URLConvertible.swift; sourceTree = "<group>"; };
		73AACB0B28D30B3D0072B1DF /* Error.swift */ = {isa = PBXFileReference; lastKnownFileType = sourcecode.swift; path = Error.swift; sourceTree = "<group>"; };
		73AACB0E28D30C470072B1DF /* APIClient.swift */ = {isa = PBXFileReference; lastKnownFileType = sourcecode.swift; path = APIClient.swift; sourceTree = "<group>"; };
		73AACB1228D30F350072B1DF /* DJParser.swift */ = {isa = PBXFileReference; lastKnownFileType = sourcecode.swift; path = DJParser.swift; sourceTree = "<group>"; };
		73AACB1728D312D30072B1DF /* GithubRouter.swift */ = {isa = PBXFileReference; lastKnownFileType = sourcecode.swift; path = GithubRouter.swift; sourceTree = "<group>"; };
		73AACB2328D31A440072B1DF /* User.swift */ = {isa = PBXFileReference; lastKnownFileType = sourcecode.swift; path = User.swift; sourceTree = "<group>"; };
		73AACB2828D321480072B1DF /* Result.swift */ = {isa = PBXFileReference; lastKnownFileType = sourcecode.swift; path = Result.swift; sourceTree = "<group>"; };
		73AACB2C28D32BB10072B1DF /* DJFileManager.swift */ = {isa = PBXFileReference; lastKnownFileType = sourcecode.swift; path = DJFileManager.swift; sourceTree = "<group>"; };
		73AACB3328D357C80072B1DF /* UserViewController.swift */ = {isa = PBXFileReference; lastKnownFileType = sourcecode.swift; path = UserViewController.swift; sourceTree = "<group>"; };
		73AACB3928D359550072B1DF /* UserHeaderView.swift */ = {isa = PBXFileReference; lastKnownFileType = sourcecode.swift; path = UserHeaderView.swift; sourceTree = "<group>"; };
		73AACB3B28D35C360072B1DF /* Utils.swift */ = {isa = PBXFileReference; lastKnownFileType = sourcecode.swift; path = Utils.swift; sourceTree = "<group>"; };
		73AACB3D28D362430072B1DF /* Consts.swift */ = {isa = PBXFileReference; lastKnownFileType = sourcecode.swift; path = Consts.swift; sourceTree = "<group>"; };
		73AACB4228D42C1B0072B1DF /* UINavigation+Router.swift */ = {isa = PBXFileReference; lastKnownFileType = sourcecode.swift; path = "UINavigation+Router.swift"; sourceTree = "<group>"; };
		73AACB4728D443350072B1DF /* LoadingView.swift */ = {isa = PBXFileReference; lastKnownFileType = sourcecode.swift; path = LoadingView.swift; sourceTree = "<group>"; };
		73AACB4928D4463B0072B1DF /* UIView+Loading.swift */ = {isa = PBXFileReference; lastKnownFileType = sourcecode.swift; path = "UIView+Loading.swift"; sourceTree = "<group>"; };
		73AACB4B28D45EA50072B1DF /* UserCell.swift */ = {isa = PBXFileReference; lastKnownFileType = sourcecode.swift; path = UserCell.swift; sourceTree = "<group>"; };
		73AACB4D28D45F1F0072B1DF /* Color.swift */ = {isa = PBXFileReference; lastKnownFileType = sourcecode.swift; path = Color.swift; sourceTree = "<group>"; };
		73AACB4F28D4618F0072B1DF /* UIView+Ext.swift */ = {isa = PBXFileReference; lastKnownFileType = sourcecode.swift; path = "UIView+Ext.swift"; sourceTree = "<group>"; };
		73AACB5128D467850072B1DF /* UserContributionView.swift */ = {isa = PBXFileReference; lastKnownFileType = sourcecode.swift; path = UserContributionView.swift; sourceTree = "<group>"; };
		73AACB5328D47ECB0072B1DF /* UserContrbutionItemCell.swift */ = {isa = PBXFileReference; lastKnownFileType = sourcecode.swift; path = UserContrbutionItemCell.swift; sourceTree = "<group>"; };
		73AACB5528D47FCB0072B1DF /* String+Ext.swift */ = {isa = PBXFileReference; lastKnownFileType = sourcecode.swift; path = "String+Ext.swift"; sourceTree = "<group>"; };
		73AACB5728D483CA0072B1DF /* UserContributionCell.swift */ = {isa = PBXFileReference; lastKnownFileType = sourcecode.swift; path = UserContributionCell.swift; sourceTree = "<group>"; };
		73AACB5928D4B8610072B1DF /* Repo.swift */ = {isa = PBXFileReference; lastKnownFileType = sourcecode.swift; path = Repo.swift; sourceTree = "<group>"; };
		73AACB5D28D4BD3B0072B1DF /* UserStaredReposViewController.swift */ = {isa = PBXFileReference; lastKnownFileType = sourcecode.swift; path = UserStaredReposViewController.swift; sourceTree = "<group>"; };
		73AACB5F28D4BE4F0072B1DF /* RepoManager.swift */ = {isa = PBXFileReference; lastKnownFileType = sourcecode.swift; path = RepoManager.swift; sourceTree = "<group>"; };
		73AACB6128D4BEFE0072B1DF /* UserStaredRepoCell.swift */ = {isa = PBXFileReference; lastKnownFileType = sourcecode.swift; path = UserStaredRepoCell.swift; sourceTree = "<group>"; };
		73AACB6328D4E5000072B1DF /* Int+Ext.swift */ = {isa = PBXFileReference; lastKnownFileType = sourcecode.swift; path = "Int+Ext.swift"; sourceTree = "<group>"; };
		73AACB6928D5ACBD0072B1DF /* UIColor+Ext.swift */ = {isa = PBXFileReference; lastKnownFileType = sourcecode.swift; path = "UIColor+Ext.swift"; sourceTree = "<group>"; };
		73AACB6B28D5AF7D0072B1DF /* LanguageManager.swift */ = {isa = PBXFileReference; lastKnownFileType = sourcecode.swift; path = LanguageManager.swift; sourceTree = "<group>"; };
		73AACB7328D5BA2D0072B1DF /* Language.swift */ = {isa = PBXFileReference; lastKnownFileType = sourcecode.swift; path = Language.swift; sourceTree = "<group>"; };
		73AACB7628D5BBE90072B1DF /* SQLTable.swift */ = {isa = PBXFileReference; lastKnownFileType = sourcecode.swift; path = SQLTable.swift; sourceTree = "<group>"; };
		73AACB7828D5BBF50072B1DF /* SQLiteDatabase.swift */ = {isa = PBXFileReference; lastKnownFileType = sourcecode.swift; path = SQLiteDatabase.swift; sourceTree = "<group>"; };
		73AACB8A28D708740072B1DF /* UIScrollView+Refresh.swift */ = {isa = PBXFileReference; lastKnownFileType = sourcecode.swift; path = "UIScrollView+Refresh.swift"; sourceTree = "<group>"; };
		73B7904728E51A3A002A9CDC /* UIImage+Ext.swift */ = {isa = PBXFileReference; lastKnownFileType = sourcecode.swift; path = "UIImage+Ext.swift"; sourceTree = "<group>"; };
		73B7904928E52450002A9CDC /* LocalDevelopersViewController.swift */ = {isa = PBXFileReference; lastKnownFileType = sourcecode.swift; path = LocalDevelopersViewController.swift; sourceTree = "<group>"; };
		73B7904B28E5298D002A9CDC /* LocalDeveloperCell.swift */ = {isa = PBXFileReference; lastKnownFileType = sourcecode.swift; path = LocalDeveloperCell.swift; sourceTree = "<group>"; };
		73B7905128E53353002A9CDC /* Config.swift */ = {isa = PBXFileReference; lastKnownFileType = sourcecode.swift; path = Config.swift; sourceTree = "<group>"; };
		73B7905328E533C2002A9CDC /* ConfigManager.swift */ = {isa = PBXFileReference; lastKnownFileType = sourcecode.swift; path = ConfigManager.swift; sourceTree = "<group>"; };
		73B7905728E541BE002A9CDC /* Bool+Ext.swift */ = {isa = PBXFileReference; lastKnownFileType = sourcecode.swift; path = "Bool+Ext.swift"; sourceTree = "<group>"; };
		73B7905928E56003002A9CDC /* RepoInteractViewController.swift */ = {isa = PBXFileReference; lastKnownFileType = sourcecode.swift; path = RepoInteractViewController.swift; sourceTree = "<group>"; };
		73B7905B28E59104002A9CDC /* HeaderSegmentView.swift */ = {isa = PBXFileReference; lastKnownFileType = sourcecode.swift; path = HeaderSegmentView.swift; sourceTree = "<group>"; };
		73B7905D28E6D8EB002A9CDC /* UserFollowingManager.swift */ = {isa = PBXFileReference; lastKnownFileType = sourcecode.swift; path = UserFollowingManager.swift; sourceTree = "<group>"; };
		73B7905F28E7E805002A9CDC /* SearchManager.swift */ = {isa = PBXFileReference; lastKnownFileType = sourcecode.swift; path = SearchManager.swift; sourceTree = "<group>"; };
		73B7906128E7EB8A002A9CDC /* SearchList.swift */ = {isa = PBXFileReference; lastKnownFileType = sourcecode.swift; path = SearchList.swift; sourceTree = "<group>"; };
		73B7906528E7F133002A9CDC /* SearchViewController.swift */ = {isa = PBXFileReference; lastKnownFileType = sourcecode.swift; path = SearchViewController.swift; sourceTree = "<group>"; };
		73B7906C28E972A9002A9CDC /* SearchWordManager.swift */ = {isa = PBXFileReference; lastKnownFileType = sourcecode.swift; path = SearchWordManager.swift; sourceTree = "<group>"; };
		73C598C428D85EF100DA86A1 /* PopoverView.swift */ = {isa = PBXFileReference; lastKnownFileType = sourcecode.swift; path = PopoverView.swift; sourceTree = "<group>"; };
		73C598C628D8617800DA86A1 /* UIApplication+Ext.swift */ = {isa = PBXFileReference; lastKnownFileType = sourcecode.swift; path = "UIApplication+Ext.swift"; sourceTree = "<group>"; };
		73C598CC28D9E6A100DA86A1 /* URL+Ext.swift */ = {isa = PBXFileReference; lastKnownFileType = sourcecode.swift; path = "URL+Ext.swift"; sourceTree = "<group>"; };
		73D0DE222907B4B400F385E6 /* DJRefresh */ = {isa = PBXFileReference; lastKnownFileType = wrapper; name = DJRefresh; path = ../DJRefresh; sourceTree = "<group>"; };
		73DE29CD28E0C35200B48009 /* WebViewController.swift */ = {isa = PBXFileReference; lastKnownFileType = sourcecode.swift; path = WebViewController.swift; sourceTree = "<group>"; };
		73DF6BEB28EACF340003BDB8 /* SearchWordHeaderView.swift */ = {isa = PBXFileReference; lastKnownFileType = sourcecode.swift; path = SearchWordHeaderView.swift; sourceTree = "<group>"; };
		73DF6BED28EADD160003BDB8 /* LocalDeveloperSectionHeaderView.swift */ = {isa = PBXFileReference; lastKnownFileType = sourcecode.swift; path = LocalDeveloperSectionHeaderView.swift; sourceTree = "<group>"; };
		73DF6BEF28EAE0A00003BDB8 /* DeveloperGroupManager.swift */ = {isa = PBXFileReference; lastKnownFileType = sourcecode.swift; path = DeveloperGroupManager.swift; sourceTree = "<group>"; };
		73DF6BF128EAE3060003BDB8 /* DJCodable.swift */ = {isa = PBXFileReference; lastKnownFileType = sourcecode.swift; path = DJCodable.swift; sourceTree = "<group>"; };
		73DF6BF328EB0DCB0003BDB8 /* developers.json */ = {isa = PBXFileReference; fileEncoding = 4; lastKnownFileType = text.json; path = developers.json; sourceTree = "<group>"; };
		73DF6BFB28EBFD3E0003BDB8 /* RepoContent.swift */ = {isa = PBXFileReference; lastKnownFileType = sourcecode.swift; path = RepoContent.swift; sourceTree = "<group>"; };
		73DF6BFD28EBFEE30003BDB8 /* RepoContentsViewController.swift */ = {isa = PBXFileReference; lastKnownFileType = sourcecode.swift; path = RepoContentsViewController.swift; sourceTree = "<group>"; };
		73DF6BFF28EC00FD0003BDB8 /* RepoContentCell.swift */ = {isa = PBXFileReference; lastKnownFileType = sourcecode.swift; path = RepoContentCell.swift; sourceTree = "<group>"; };
		73DF6C0128EC1EE80003BDB8 /* RepoContentFileViewController.swift */ = {isa = PBXFileReference; lastKnownFileType = sourcecode.swift; path = RepoContentFileViewController.swift; sourceTree = "<group>"; };
		73DF6C0328EC252E0003BDB8 /* String+File.swift */ = {isa = PBXFileReference; lastKnownFileType = sourcecode.swift; path = "String+File.swift"; sourceTree = "<group>"; };
		73DF6C0528EC68A00003BDB8 /* RepoIssuesViewController.swift */ = {isa = PBXFileReference; lastKnownFileType = sourcecode.swift; path = RepoIssuesViewController.swift; sourceTree = "<group>"; };
		73DF6C0728EC69840003BDB8 /* Issue.swift */ = {isa = PBXFileReference; lastKnownFileType = sourcecode.swift; path = Issue.swift; sourceTree = "<group>"; };
		73DF6C0928EC6A9C0003BDB8 /* IssueCell.swift */ = {isa = PBXFileReference; lastKnownFileType = sourcecode.swift; path = IssueCell.swift; sourceTree = "<group>"; };
		73DF6C0B28EC7A7A0003BDB8 /* RepoIssuesStateViewController.swift */ = {isa = PBXFileReference; lastKnownFileType = sourcecode.swift; path = RepoIssuesStateViewController.swift; sourceTree = "<group>"; };
		73E14E4C28F3426900A9811D /* FeedManager.swift */ = {isa = PBXFileReference; lastKnownFileType = sourcecode.swift; path = FeedManager.swift; sourceTree = "<group>"; };
		73E14E4E28F3477E00A9811D /* Feeds.swift */ = {isa = PBXFileReference; lastKnownFileType = sourcecode.swift; path = Feeds.swift; sourceTree = "<group>"; };
		73E14E5228F34FF200A9811D /* Parser.swift */ = {isa = PBXFileReference; lastKnownFileType = sourcecode.swift; path = Parser.swift; sourceTree = "<group>"; };
		73E14E5528F3DAC800A9811D /* DJJSONParser.swift */ = {isa = PBXFileReference; lastKnownFileType = sourcecode.swift; path = DJJSONParser.swift; sourceTree = "<group>"; };
		73E14E5728F3DAE200A9811D /* DJXMLParsable.swift */ = {isa = PBXFileReference; lastKnownFileType = sourcecode.swift; path = DJXMLParsable.swift; sourceTree = "<group>"; };
		73E14E5C28F4151100A9811D /* FeedsViewController.swift */ = {isa = PBXFileReference; lastKnownFileType = sourcecode.swift; path = FeedsViewController.swift; sourceTree = "<group>"; };
		73E14E5E28F415AD00A9811D /* FeedCell.swift */ = {isa = PBXFileReference; lastKnownFileType = sourcecode.swift; path = FeedCell.swift; sourceTree = "<group>"; };
/* End PBXFileReference section */

/* Begin PBXFrameworksBuildPhase section */
		73AACACE28D308A60072B1DF /* Frameworks */ = {
			isa = PBXFrameworksBuildPhase;
			buildActionMask = 2147483647;
			files = (
				73AACB4128D37E840072B1DF /* Kingfisher in Frameworks */,
				73AACB3828D359260072B1DF /* SnapKit in Frameworks */,
				73D0DE252907B5F500F385E6 /* DJRefresh in Frameworks */,
				73DE29CC28E0C08200B48009 /* MarkdownView in Frameworks */,
			);
			runOnlyForDeploymentPostprocessing = 0;
		};
		73AACAE428D308A70072B1DF /* Frameworks */ = {
			isa = PBXFrameworksBuildPhase;
			buildActionMask = 2147483647;
			files = (
			);
			runOnlyForDeploymentPostprocessing = 0;
		};
		73AACAEE28D308A70072B1DF /* Frameworks */ = {
			isa = PBXFrameworksBuildPhase;
			buildActionMask = 2147483647;
			files = (
			);
			runOnlyForDeploymentPostprocessing = 0;
		};
/* End PBXFrameworksBuildPhase section */

/* Begin PBXGroup section */
		73101D4528E47ED400DB5423 /* Protocol */ = {
			isa = PBXGroup;
			children = (
			);
			path = Protocol;
			sourceTree = "<group>";
		};
		73101D4C28E49E2E00DB5423 /* Resource */ = {
			isa = PBXGroup;
			children = (
				73101D5528E4A2AB00DB5423 /* News */,
				7339201628F587F100DC76B0 /* css.html */,
				7339201E28F693EA00DC76B0 /* config.json */,
			);
			path = Resource;
			sourceTree = "<group>";
		};
		73101D5528E4A2AB00DB5423 /* News */ = {
			isa = PBXGroup;
			children = (
				73DF6BF328EB0DCB0003BDB8 /* developers.json */,
				73101D5728E4A2AB00DB5423 /* rssfeed.json */,
				73101D5828E4A2AB00DB5423 /* repos.json */,
			);
			path = News;
			sourceTree = "<group>";
		};
		73101D5C28E4A5BF00DB5423 /* Developer */ = {
			isa = PBXGroup;
			children = (
				73101D5D28E4A5CC00DB5423 /* View */,
				73101D5E28E4A5E400DB5423 /* DevelopersViewController.swift */,
				73B7904928E52450002A9CDC /* LocalDevelopersViewController.swift */,
				73074CCA28EF4AD0001A90E7 /* LocalDataViewController.swift */,
				73074CCC28EF4AFE001A90E7 /* LocalDataManager.swift */,
			);
			path = Developer;
			sourceTree = "<group>";
		};
		73101D5D28E4A5CC00DB5423 /* View */ = {
			isa = PBXGroup;
			children = (
				73B7904B28E5298D002A9CDC /* LocalDeveloperCell.swift */,
				73DF6BED28EADD160003BDB8 /* LocalDeveloperSectionHeaderView.swift */,
				73074CCE28EF573D001A90E7 /* LocalRepoCell.swift */,
			);
			path = View;
			sourceTree = "<group>";
		};
		7320170728F535BB007B970F /* RssFeed */ = {
			isa = PBXGroup;
			children = (
				7320170828F535CB007B970F /* RssFeed.swift */,
				7320170C28F5378E007B970F /* RssFeedAtom.swift */,
			);
			path = RssFeed;
			sourceTree = "<group>";
		};
		735D0E002903115D00E618B3 /* DJMonitor */ = {
			isa = PBXGroup;
			children = (
				735D0E052903115D00E618B3 /* mach_stack_info.h */,
				735D0E022903115D00E618B3 /* mach_stack_info.c */,
				735D0E012903115D00E618B3 /* DJCallStack.swift */,
				735D0E032903115D00E618B3 /* DJStuckMonitor.swift */,
				735D0E042903115D00E618B3 /* DJThreadInfoModel.swift */,
				735D0E062903115D00E618B3 /* StackAddressInfo.swift */,
			);
			path = DJMonitor;
			sourceTree = "<group>";
		};
		73AACAC828D308A60072B1DF = {
			isa = PBXGroup;
			children = (
				73D0DE212907B4B400F385E6 /* Packages */,
				73AACAD328D308A60072B1DF /* DJGithub */,
				73AACAEA28D308A70072B1DF /* DJGithubTests */,
				73AACAF428D308A70072B1DF /* DJGithubUITests */,
				73AACAD228D308A60072B1DF /* Products */,
				73D0DE232907B5F200F385E6 /* Frameworks */,
			);
			sourceTree = "<group>";
		};
		73AACAD228D308A60072B1DF /* Products */ = {
			isa = PBXGroup;
			children = (
				73AACAD128D308A60072B1DF /* DJGithub.app */,
				73AACAE728D308A70072B1DF /* DJGithubTests.xctest */,
				73AACAF128D308A70072B1DF /* DJGithubUITests.xctest */,
			);
			name = Products;
			sourceTree = "<group>";
		};
		73AACAD328D308A60072B1DF /* DJGithub */ = {
			isa = PBXGroup;
			children = (
				735D0E002903115D00E618B3 /* DJMonitor */,
				73AACB1528D311C30072B1DF /* Github */,
				73AACB0428D308E30072B1DF /* DJFoundation */,
				73AACAD428D308A60072B1DF /* AppDelegate.swift */,
				73AACAD628D308A60072B1DF /* SceneDelegate.swift */,
				73AACAD828D308A60072B1DF /* ViewController.swift */,
				73AACADA28D308A60072B1DF /* Main.storyboard */,
				73AACADD28D308A70072B1DF /* Assets.xcassets */,
				73AACADF28D308A70072B1DF /* LaunchScreen.storyboard */,
				73AACAE228D308A70072B1DF /* Info.plist */,
			);
			path = DJGithub;
			sourceTree = "<group>";
		};
		73AACAEA28D308A70072B1DF /* DJGithubTests */ = {
			isa = PBXGroup;
			children = (
				73AACAEB28D308A70072B1DF /* DJGithubTests.swift */,
			);
			path = DJGithubTests;
			sourceTree = "<group>";
		};
		73AACAF428D308A70072B1DF /* DJGithubUITests */ = {
			isa = PBXGroup;
			children = (
				73AACAF528D308A70072B1DF /* DJGithubUITests.swift */,
				73AACAF728D308A70072B1DF /* DJGithubUITestsLaunchTests.swift */,
			);
			path = DJGithubUITests;
			sourceTree = "<group>";
		};
		73AACB0428D308E30072B1DF /* DJFoundation */ = {
			isa = PBXGroup;
			children = (
				73C598C328D85ECF00DA86A1 /* View */,
				73AACB1428D30F3B0072B1DF /* Utils */,
				73AACB0D28D30B670072B1DF /* Common */,
				73AACB0628D309C90072B1DF /* Network */,
				73AACB0528D308EE0072B1DF /* Protocol */,
			);
			path = DJFoundation;
			sourceTree = "<group>";
		};
		73AACB0528D308EE0072B1DF /* Protocol */ = {
			isa = PBXGroup;
			children = (
				73AACB0928D30B0C0072B1DF /* URLConvertible.swift */,
				732B21D528E22B9A005893C0 /* NextPageLoadable.swift */,
				73DF6BF128EAE3060003BDB8 /* DJCodable.swift */,
			);
			path = Protocol;
			sourceTree = "<group>";
		};
		73AACB0628D309C90072B1DF /* Network */ = {
			isa = PBXGroup;
			children = (
				73AACB0728D30A3C0072B1DF /* Router.swift */,
				73AACB0E28D30C470072B1DF /* APIClient.swift */,
			);
			path = Network;
			sourceTree = "<group>";
		};
		73AACB0D28D30B670072B1DF /* Common */ = {
			isa = PBXGroup;
			children = (
				73AACB0B28D30B3D0072B1DF /* Error.swift */,
				73AACB3D28D362430072B1DF /* Consts.swift */,
			);
			path = Common;
			sourceTree = "<group>";
		};
		73AACB1428D30F3B0072B1DF /* Utils */ = {
			isa = PBXGroup;
			children = (
				73AACB1228D30F350072B1DF /* DJParser.swift */,
				73AACB2C28D32BB10072B1DF /* DJFileManager.swift */,
				73AACB3B28D35C360072B1DF /* Utils.swift */,
				7339201228F5458100DC76B0 /* DateHelper.swift */,
			);
			path = Utils;
			sourceTree = "<group>";
		};
		73AACB1528D311C30072B1DF /* Github */ = {
			isa = PBXGroup;
			children = (
				73101D4C28E49E2E00DB5423 /* Resource */,
				73101D4528E47ED400DB5423 /* Protocol */,
				73AACB7528D5BBDA0072B1DF /* DataBase */,
				73AACB4628D443260072B1DF /* Widget */,
				73AACB3128D357980072B1DF /* ViewController */,
				73AACB2E28D32E6C0072B1DF /* Utils */,
				73AACB2728D3213D0072B1DF /* Extension */,
				73AACB2228D31A370072B1DF /* Model */,
				73AACB2128D31A2C0072B1DF /* Store */,
				73AACB1628D311D00072B1DF /* Network */,
			);
			path = Github;
			sourceTree = "<group>";
		};
		73AACB1628D311D00072B1DF /* Network */ = {
			isa = PBXGroup;
			children = (
				73AACB1728D312D30072B1DF /* GithubRouter.swift */,
			);
			path = Network;
			sourceTree = "<group>";
		};
		73AACB2128D31A2C0072B1DF /* Store */ = {
			isa = PBXGroup;
			children = (
				73AACB5F28D4BE4F0072B1DF /* RepoManager.swift */,
				73101D3E28E3077C00DB5423 /* UserManager.swift */,
				73B7905D28E6D8EB002A9CDC /* UserFollowingManager.swift */,
				73B7905F28E7E805002A9CDC /* SearchManager.swift */,
				73B7906C28E972A9002A9CDC /* SearchWordManager.swift */,
				73DF6BEF28EAE0A00003BDB8 /* DeveloperGroupManager.swift */,
				73074CC828EF4992001A90E7 /* LocalRepoManager.swift */,
				73E14E4C28F3426900A9811D /* FeedManager.swift */,
			);
			path = Store;
			sourceTree = "<group>";
		};
		73AACB2228D31A370072B1DF /* Model */ = {
			isa = PBXGroup;
			children = (
				7320170728F535BB007B970F /* RssFeed */,
				73AACB2328D31A440072B1DF /* User.swift */,
				73AACB5928D4B8610072B1DF /* Repo.swift */,
				73AACB7328D5BA2D0072B1DF /* Language.swift */,
				7374D19628E0BC1D00E6BE47 /* Readme.swift */,
				732B21D228E228FD005893C0 /* NextPageModel.swift */,
				73101D4828E47FB100DB5423 /* StatusModel.swift */,
				73101D4F28E4A10400DB5423 /* LocalDeveloperGroup.swift */,
				73B7905128E53353002A9CDC /* Config.swift */,
				73B7906128E7EB8A002A9CDC /* SearchList.swift */,
				73DF6BFB28EBFD3E0003BDB8 /* RepoContent.swift */,
				73DF6C0728EC69840003BDB8 /* Issue.swift */,
				73074C7D28ED5664001A90E7 /* IssueDetail.swift */,
				73074CC628EF4809001A90E7 /* LocalRepo.swift */,
				73E14E4E28F3477E00A9811D /* Feeds.swift */,
			);
			path = Model;
			sourceTree = "<group>";
		};
		73AACB2728D3213D0072B1DF /* Extension */ = {
			isa = PBXGroup;
			children = (
				73AACB2828D321480072B1DF /* Result.swift */,
				73AACB4228D42C1B0072B1DF /* UINavigation+Router.swift */,
				73AACB4928D4463B0072B1DF /* UIView+Loading.swift */,
				73AACB4F28D4618F0072B1DF /* UIView+Ext.swift */,
				73AACB5528D47FCB0072B1DF /* String+Ext.swift */,
				73AACB6328D4E5000072B1DF /* Int+Ext.swift */,
				73AACB6928D5ACBD0072B1DF /* UIColor+Ext.swift */,
				73AACB8A28D708740072B1DF /* UIScrollView+Refresh.swift */,
				73C598C628D8617800DA86A1 /* UIApplication+Ext.swift */,
				73C598CC28D9E6A100DA86A1 /* URL+Ext.swift */,
				73B7904728E51A3A002A9CDC /* UIImage+Ext.swift */,
				73B7905728E541BE002A9CDC /* Bool+Ext.swift */,
				73DF6C0328EC252E0003BDB8 /* String+File.swift */,
				73074CC128EEE6C5001A90E7 /* UITextView+Placeholder.swift */,
			);
			path = Extension;
			sourceTree = "<group>";
		};
		73AACB2E28D32E6C0072B1DF /* Utils */ = {
			isa = PBXGroup;
			children = (
				73E14E5428F3DAB100A9811D /* Parse */,
				73AACB4D28D45F1F0072B1DF /* Color.swift */,
				73AACB6B28D5AF7D0072B1DF /* LanguageManager.swift */,
				7341DCC928DF2B4B009A3A3C /* ImageCoder.swift */,
				73B7905328E533C2002A9CDC /* ConfigManager.swift */,
				7339201428F56D2900DC76B0 /* RssFeedManager.swift */,
			);
			path = Utils;
			sourceTree = "<group>";
		};
		73AACB3128D357980072B1DF /* ViewController */ = {
			isa = PBXGroup;
			children = (
				73E14E5928F414F600A9811D /* Feed */,
				73B7906328E7F10C002A9CDC /* Search */,
				73101D5C28E4A5BF00DB5423 /* Developer */,
				73AACB5B28D4BD040072B1DF /* Repo */,
				73AACB3228D357A50072B1DF /* User */,
			);
			path = ViewController;
			sourceTree = "<group>";
		};
		73AACB3228D357A50072B1DF /* User */ = {
			isa = PBXGroup;
			children = (
				73AACB3528D357CE0072B1DF /* Views */,
				73AACB3328D357C80072B1DF /* UserViewController.swift */,
				73101D4228E310D900DB5423 /* UserFollowingViewController.swift */,
				73074CD028F1559D001A90E7 /* UserInfoViewController.swift */,
				73074CD428F166D8001A90E7 /* UserInfoEditViewController.swift */,
			);
			path = User;
			sourceTree = "<group>";
		};
		73AACB3528D357CE0072B1DF /* Views */ = {
			isa = PBXGroup;
			children = (
				73AACB3928D359550072B1DF /* UserHeaderView.swift */,
				73AACB4B28D45EA50072B1DF /* UserCell.swift */,
				73AACB5128D467850072B1DF /* UserContributionView.swift */,
				73AACB5328D47ECB0072B1DF /* UserContrbutionItemCell.swift */,
				73AACB5728D483CA0072B1DF /* UserContributionCell.swift */,
				73101D4028E30C5200DB5423 /* SimpleUserCell.swift */,
				73074CD228F155CB001A90E7 /* UserInfoCell.swift */,
			);
			path = Views;
			sourceTree = "<group>";
		};
		73AACB4628D443260072B1DF /* Widget */ = {
			isa = PBXGroup;
			children = (
				73AACB4728D443350072B1DF /* LoadingView.swift */,
				7341DCC528DF2400009A3A3C /* TabBarController.swift */,
				7341DCC728DF24CB009A3A3C /* NavigationController.swift */,
				7341DCCD28E03505009A3A3C /* NormalHeaderView.swift */,
				73101D4A28E4889B00DB5423 /* UserStatusView.swift */,
				73B7905B28E59104002A9CDC /* HeaderSegmentView.swift */,
			);
			path = Widget;
			sourceTree = "<group>";
		};
		73AACB5B28D4BD040072B1DF /* Repo */ = {
			isa = PBXGroup;
			children = (
				73AACB5C28D4BD0F0072B1DF /* Views */,
				73AACB5D28D4BD3B0072B1DF /* UserStaredReposViewController.swift */,
				7341DCD128E03C6A009A3A3C /* RepoViewController.swift */,
				73DE29CD28E0C35200B48009 /* WebViewController.swift */,
				73B7905928E56003002A9CDC /* RepoInteractViewController.swift */,
				73DF6BFD28EBFEE30003BDB8 /* RepoContentsViewController.swift */,
				73DF6C0128EC1EE80003BDB8 /* RepoContentFileViewController.swift */,
				73DF6C0528EC68A00003BDB8 /* RepoIssuesViewController.swift */,
				73DF6C0B28EC7A7A0003BDB8 /* RepoIssuesStateViewController.swift */,
				73074C7B28ED5507001A90E7 /* RepoIssueDetailViewController.swift */,
				73074CBD28EEC4AF001A90E7 /* TitleAndDescViewController.swift */,
			);
			path = Repo;
			sourceTree = "<group>";
		};
		73AACB5C28D4BD0F0072B1DF /* Views */ = {
			isa = PBXGroup;
			children = (
				73AACB6128D4BEFE0072B1DF /* UserStaredRepoCell.swift */,
				7341DCCF28E03B17009A3A3C /* RepoHeaderView.swift */,
				7341DCD328E0422F009A3A3C /* RepoCell.swift */,
				7341DCD728E05D98009A3A3C /* RepoFooterView.swift */,
				732B21CF28E1C09B005893C0 /* RepoStarView.swift */,
				73DF6BFF28EC00FD0003BDB8 /* RepoContentCell.swift */,
				73DF6C0928EC6A9C0003BDB8 /* IssueCell.swift */,
				73074C7F28EDB955001A90E7 /* WebViewFooterView.swift */,
				73074CBF28EED421001A90E7 /* CommitView.swift */,
			);
			path = Views;
			sourceTree = "<group>";
		};
		73AACB7528D5BBDA0072B1DF /* DataBase */ = {
			isa = PBXGroup;
			children = (
				73AACB7628D5BBE90072B1DF /* SQLTable.swift */,
				73AACB7828D5BBF50072B1DF /* SQLiteDatabase.swift */,
			);
			path = DataBase;
			sourceTree = "<group>";
		};
		73B7906328E7F10C002A9CDC /* Search */ = {
			isa = PBXGroup;
			children = (
				73B7906428E7F11D002A9CDC /* Views */,
				73B7906528E7F133002A9CDC /* SearchViewController.swift */,
			);
			path = Search;
			sourceTree = "<group>";
		};
		73B7906428E7F11D002A9CDC /* Views */ = {
			isa = PBXGroup;
			children = (
				73DF6BEB28EACF340003BDB8 /* SearchWordHeaderView.swift */,
			);
			path = Views;
			sourceTree = "<group>";
		};
		73C598C328D85ECF00DA86A1 /* View */ = {
			isa = PBXGroup;
			children = (
				73C598C428D85EF100DA86A1 /* PopoverView.swift */,
				73074CC328EEF54F001A90E7 /* HUD.swift */,
			);
			path = View;
			sourceTree = "<group>";
		};
		73D0DE212907B4B400F385E6 /* Packages */ = {
			isa = PBXGroup;
			children = (
				73D0DE222907B4B400F385E6 /* DJRefresh */,
			);
			name = Packages;
			sourceTree = "<group>";
		};
		73D0DE232907B5F200F385E6 /* Frameworks */ = {
			isa = PBXGroup;
			children = (
			);
			name = Frameworks;
			sourceTree = "<group>";
		};
		73E14E5428F3DAB100A9811D /* Parse */ = {
			isa = PBXGroup;
			children = (
				73E14E5228F34FF200A9811D /* Parser.swift */,
				73E14E5528F3DAC800A9811D /* DJJSONParser.swift */,
				73E14E5728F3DAE200A9811D /* DJXMLParsable.swift */,
				732016FE28F46DFB007B970F /* DateParser.swift */,
				7320170028F47B76007B970F /* RegularParser.swift */,
			);
			path = Parse;
			sourceTree = "<group>";
		};
		73E14E5928F414F600A9811D /* Feed */ = {
			isa = PBXGroup;
			children = (
				73E14E5A28F414FC00A9811D /* Views */,
				73E14E5C28F4151100A9811D /* FeedsViewController.swift */,
				7320170228F48227007B970F /* FeedViewController.swift */,
				7320170528F53455007B970F /* RssFeedAtomViewController.swift */,
				7339201028F53DAC00DC76B0 /* RssFeedsViewController.swift */,
				7339201828F5883500DC76B0 /* RssFeedDetailViewController.swift */,
			);
			path = Feed;
			sourceTree = "<group>";
		};
		73E14E5A28F414FC00A9811D /* Views */ = {
			isa = PBXGroup;
			children = (
				73E14E5E28F415AD00A9811D /* FeedCell.swift */,
				7320170E28F5385B007B970F /* RssFeedSimpleCell.swift */,
			);
			path = Views;
			sourceTree = "<group>";
		};
/* End PBXGroup section */

/* Begin PBXNativeTarget section */
		73AACAD028D308A60072B1DF /* DJGithub */ = {
			isa = PBXNativeTarget;
			buildConfigurationList = 73AACAFB28D308A70072B1DF /* Build configuration list for PBXNativeTarget "DJGithub" */;
			buildPhases = (
				73AACACD28D308A60072B1DF /* Sources */,
				73AACACE28D308A60072B1DF /* Frameworks */,
				73AACACF28D308A60072B1DF /* Resources */,
			);
			buildRules = (
			);
			dependencies = (
			);
			name = DJGithub;
			packageProductDependencies = (
				73AACB3728D359260072B1DF /* SnapKit */,
				73AACB4028D37E840072B1DF /* Kingfisher */,
				73DE29CB28E0C08200B48009 /* MarkdownView */,
				73D0DE242907B5F500F385E6 /* DJRefresh */,
			);
			productName = DJGithub;
			productReference = 73AACAD128D308A60072B1DF /* DJGithub.app */;
			productType = "com.apple.product-type.application";
		};
		73AACAE628D308A70072B1DF /* DJGithubTests */ = {
			isa = PBXNativeTarget;
			buildConfigurationList = 73AACAFE28D308A70072B1DF /* Build configuration list for PBXNativeTarget "DJGithubTests" */;
			buildPhases = (
				73AACAE328D308A70072B1DF /* Sources */,
				73AACAE428D308A70072B1DF /* Frameworks */,
				73AACAE528D308A70072B1DF /* Resources */,
			);
			buildRules = (
			);
			dependencies = (
				73AACAE928D308A70072B1DF /* PBXTargetDependency */,
			);
			name = DJGithubTests;
			productName = DJGithubTests;
			productReference = 73AACAE728D308A70072B1DF /* DJGithubTests.xctest */;
			productType = "com.apple.product-type.bundle.unit-test";
		};
		73AACAF028D308A70072B1DF /* DJGithubUITests */ = {
			isa = PBXNativeTarget;
			buildConfigurationList = 73AACB0128D308A70072B1DF /* Build configuration list for PBXNativeTarget "DJGithubUITests" */;
			buildPhases = (
				73AACAED28D308A70072B1DF /* Sources */,
				73AACAEE28D308A70072B1DF /* Frameworks */,
				73AACAEF28D308A70072B1DF /* Resources */,
			);
			buildRules = (
			);
			dependencies = (
				73AACAF328D308A70072B1DF /* PBXTargetDependency */,
			);
			name = DJGithubUITests;
			productName = DJGithubUITests;
			productReference = 73AACAF128D308A70072B1DF /* DJGithubUITests.xctest */;
			productType = "com.apple.product-type.bundle.ui-testing";
		};
/* End PBXNativeTarget section */

/* Begin PBXProject section */
		73AACAC928D308A60072B1DF /* Project object */ = {
			isa = PBXProject;
			attributes = {
				BuildIndependentTargetsInParallel = 1;
				LastSwiftUpdateCheck = 1340;
				LastUpgradeCheck = 1340;
				TargetAttributes = {
					73AACAD028D308A60072B1DF = {
						CreatedOnToolsVersion = 13.4.1;
					};
					73AACAE628D308A70072B1DF = {
						CreatedOnToolsVersion = 13.4.1;
						TestTargetID = 73AACAD028D308A60072B1DF;
					};
					73AACAF028D308A70072B1DF = {
						CreatedOnToolsVersion = 13.4.1;
						TestTargetID = 73AACAD028D308A60072B1DF;
					};
				};
			};
			buildConfigurationList = 73AACACC28D308A60072B1DF /* Build configuration list for PBXProject "DJGithub" */;
			compatibilityVersion = "Xcode 13.0";
			developmentRegion = en;
			hasScannedForEncodings = 0;
			knownRegions = (
				en,
				Base,
			);
			mainGroup = 73AACAC828D308A60072B1DF;
			packageReferences = (
				73AACB3628D359260072B1DF /* XCRemoteSwiftPackageReference "SnapKit" */,
				73AACB3F28D37E840072B1DF /* XCRemoteSwiftPackageReference "Kingfisher" */,
				7341DCDB28E0792F009A3A3C /* XCRemoteSwiftPackageReference "SwiftyMarkdown" */,
				7374D19328E0B2F300E6BE47 /* XCRemoteSwiftPackageReference "SwiftyMarkdown" */,
				73DE29CA28E0C08200B48009 /* XCRemoteSwiftPackageReference "MarkdownView" */,
			);
			productRefGroup = 73AACAD228D308A60072B1DF /* Products */;
			projectDirPath = "";
			projectRoot = "";
			targets = (
				73AACAD028D308A60072B1DF /* DJGithub */,
				73AACAE628D308A70072B1DF /* DJGithubTests */,
				73AACAF028D308A70072B1DF /* DJGithubUITests */,
			);
		};
/* End PBXProject section */

/* Begin PBXResourcesBuildPhase section */
		73AACACF28D308A60072B1DF /* Resources */ = {
			isa = PBXResourcesBuildPhase;
			buildActionMask = 2147483647;
			files = (
				73AACAE128D308A70072B1DF /* LaunchScreen.storyboard in Resources */,
				7339201F28F693EA00DC76B0 /* config.json in Resources */,
				73AACADE28D308A70072B1DF /* Assets.xcassets in Resources */,
				73101D5A28E4A2AB00DB5423 /* rssfeed.json in Resources */,
				7339201728F587F100DC76B0 /* css.html in Resources */,
				73101D5B28E4A2AB00DB5423 /* repos.json in Resources */,
				73DF6BF428EB0DCB0003BDB8 /* developers.json in Resources */,
				73AACADC28D308A60072B1DF /* Main.storyboard in Resources */,
			);
			runOnlyForDeploymentPostprocessing = 0;
		};
		73AACAE528D308A70072B1DF /* Resources */ = {
			isa = PBXResourcesBuildPhase;
			buildActionMask = 2147483647;
			files = (
			);
			runOnlyForDeploymentPostprocessing = 0;
		};
		73AACAEF28D308A70072B1DF /* Resources */ = {
			isa = PBXResourcesBuildPhase;
			buildActionMask = 2147483647;
			files = (
			);
			runOnlyForDeploymentPostprocessing = 0;
		};
/* End PBXResourcesBuildPhase section */

/* Begin PBXSourcesBuildPhase section */
		73AACACD28D308A60072B1DF /* Sources */ = {
			isa = PBXSourcesBuildPhase;
			buildActionMask = 2147483647;
			files = (
				73101D4328E310D900DB5423 /* UserFollowingViewController.swift in Sources */,
				73B7906628E7F133002A9CDC /* SearchViewController.swift in Sources */,
				73B7905828E541BE002A9CDC /* Bool+Ext.swift in Sources */,
				73074C8028EDB955001A90E7 /* WebViewFooterView.swift in Sources */,
				73074CBE28EEC4AF001A90E7 /* TitleAndDescViewController.swift in Sources */,
				73C598C728D8617800DA86A1 /* UIApplication+Ext.swift in Sources */,
				73AACB0828D30A3C0072B1DF /* Router.swift in Sources */,
				73DF6C0A28EC6A9C0003BDB8 /* IssueCell.swift in Sources */,
				73074CD328F155CB001A90E7 /* UserInfoCell.swift in Sources */,
				73DF6C0028EC00FD0003BDB8 /* RepoContentCell.swift in Sources */,
				73DF6C0428EC252E0003BDB8 /* String+File.swift in Sources */,
				73AACB3428D357C80072B1DF /* UserViewController.swift in Sources */,
				7341DCC628DF2400009A3A3C /* TabBarController.swift in Sources */,
				7320170128F47B76007B970F /* RegularParser.swift in Sources */,
				73074C7E28ED5664001A90E7 /* IssueDetail.swift in Sources */,
				73DF6C0C28EC7A7A0003BDB8 /* RepoIssuesStateViewController.swift in Sources */,
				7339201528F56D2900DC76B0 /* RssFeedManager.swift in Sources */,
				73AACB2928D321480072B1DF /* Result.swift in Sources */,
				7320170628F53455007B970F /* RssFeedAtomViewController.swift in Sources */,
				73DF6BFC28EBFD3E0003BDB8 /* RepoContent.swift in Sources */,
				735D0E0A2903115E00E618B3 /* DJThreadInfoModel.swift in Sources */,
				732B21D328E228FD005893C0 /* NextPageModel.swift in Sources */,
				7341DCD428E0422F009A3A3C /* RepoCell.swift in Sources */,
				7320170F28F5385B007B970F /* RssFeedSimpleCell.swift in Sources */,
				73AACB1328D30F350072B1DF /* DJParser.swift in Sources */,
				73AACB7728D5BBE90072B1DF /* SQLTable.swift in Sources */,
				73E14E5D28F4151100A9811D /* FeedsViewController.swift in Sources */,
				73AACB7428D5BA2D0072B1DF /* Language.swift in Sources */,
				73B7905C28E59104002A9CDC /* HeaderSegmentView.swift in Sources */,
				73DF6C0628EC68A00003BDB8 /* RepoIssuesViewController.swift in Sources */,
				73AACB4E28D45F1F0072B1DF /* Color.swift in Sources */,
				73AACB4828D443350072B1DF /* LoadingView.swift in Sources */,
				73AACB6A28D5ACBD0072B1DF /* UIColor+Ext.swift in Sources */,
				732B21D628E22B9A005893C0 /* NextPageLoadable.swift in Sources */,
				73E14E4D28F3426900A9811D /* FeedManager.swift in Sources */,
				73AACB3A28D359550072B1DF /* UserHeaderView.swift in Sources */,
				73DF6C0228EC1EE80003BDB8 /* RepoContentFileViewController.swift in Sources */,
				73101D5F28E4A5E400DB5423 /* DevelopersViewController.swift in Sources */,
				73DF6BFE28EBFEE30003BDB8 /* RepoContentsViewController.swift in Sources */,
				735D0E072903115E00E618B3 /* DJCallStack.swift in Sources */,
				73101D4B28E4889B00DB5423 /* UserStatusView.swift in Sources */,
				73E14E5628F3DAC800A9811D /* DJJSONParser.swift in Sources */,
				73DF6BF228EAE3060003BDB8 /* DJCodable.swift in Sources */,
				7341DCD828E05D98009A3A3C /* RepoFooterView.swift in Sources */,
				73DE29CE28E0C35200B48009 /* WebViewController.swift in Sources */,
				73B7905428E533C2002A9CDC /* ConfigManager.swift in Sources */,
				73B7905A28E56003002A9CDC /* RepoInteractViewController.swift in Sources */,
				73B7906028E7E805002A9CDC /* SearchManager.swift in Sources */,
				73AACB0F28D30C470072B1DF /* APIClient.swift in Sources */,
				73AACB8B28D708740072B1DF /* UIScrollView+Refresh.swift in Sources */,
				73E14E5828F3DAE200A9811D /* DJXMLParsable.swift in Sources */,
				73074CC228EEE6C5001A90E7 /* UITextView+Placeholder.swift in Sources */,
				73074CC728EF4809001A90E7 /* LocalRepo.swift in Sources */,
				73101D4128E30C5200DB5423 /* SimpleUserCell.swift in Sources */,
				73B7904A28E52450002A9CDC /* LocalDevelopersViewController.swift in Sources */,
				735D0E0B2903115E00E618B3 /* StackAddressInfo.swift in Sources */,
				73074CD528F166D8001A90E7 /* UserInfoEditViewController.swift in Sources */,
				73074CCD28EF4AFE001A90E7 /* LocalDataManager.swift in Sources */,
				73AACB3C28D35C360072B1DF /* Utils.swift in Sources */,
				73AACB4C28D45EA50072B1DF /* UserCell.swift in Sources */,
				7339201128F53DAC00DC76B0 /* RssFeedsViewController.swift in Sources */,
				73E14E4F28F3477E00A9811D /* Feeds.swift in Sources */,
				73074CC028EED421001A90E7 /* CommitView.swift in Sources */,
				73AACAD928D308A60072B1DF /* ViewController.swift in Sources */,
				73AACB6C28D5AF7D0072B1DF /* LanguageManager.swift in Sources */,
				73AACB2D28D32BB10072B1DF /* DJFileManager.swift in Sources */,
				73AACB6428D4E5000072B1DF /* Int+Ext.swift in Sources */,
				73AACB2428D31A440072B1DF /* User.swift in Sources */,
				73AACB6028D4BE4F0072B1DF /* RepoManager.swift in Sources */,
				73AACAD528D308A60072B1DF /* AppDelegate.swift in Sources */,
				73074CCB28EF4AD0001A90E7 /* LocalDataViewController.swift in Sources */,
				73074CC928EF4992001A90E7 /* LocalRepoManager.swift in Sources */,
				73AACB5428D47ECB0072B1DF /* UserContrbutionItemCell.swift in Sources */,
				7341DCC828DF24CB009A3A3C /* NavigationController.swift in Sources */,
				73AACB4328D42C1B0072B1DF /* UINavigation+Router.swift in Sources */,
				73B7904C28E5298D002A9CDC /* LocalDeveloperCell.swift in Sources */,
				732016FF28F46DFB007B970F /* DateParser.swift in Sources */,
				73101D4928E47FB100DB5423 /* StatusModel.swift in Sources */,
				73B7905E28E6D8EB002A9CDC /* UserFollowingManager.swift in Sources */,
				7320170D28F5378E007B970F /* RssFeedAtom.swift in Sources */,
				73B7906D28E972A9002A9CDC /* SearchWordManager.swift in Sources */,
				73074CCF28EF573D001A90E7 /* LocalRepoCell.swift in Sources */,
				7341DCD228E03C6A009A3A3C /* RepoViewController.swift in Sources */,
				73B7906228E7EB8A002A9CDC /* SearchList.swift in Sources */,
				73E14E5F28F415AD00A9811D /* FeedCell.swift in Sources */,
				73AACB7928D5BBF50072B1DF /* SQLiteDatabase.swift in Sources */,
				73AACB5028D4618F0072B1DF /* UIView+Ext.swift in Sources */,
				73AACB5228D467850072B1DF /* UserContributionView.swift in Sources */,
				7341DCCE28E03505009A3A3C /* NormalHeaderView.swift in Sources */,
				73AACB6228D4BEFE0072B1DF /* UserStaredRepoCell.swift in Sources */,
				73E14E5328F34FF200A9811D /* Parser.swift in Sources */,
				73C598C528D85EF100DA86A1 /* PopoverView.swift in Sources */,
				73074C7C28ED5507001A90E7 /* RepoIssueDetailViewController.swift in Sources */,
				73AACAD728D308A60072B1DF /* SceneDelegate.swift in Sources */,
				73AACB5628D47FCB0072B1DF /* String+Ext.swift in Sources */,
				73C598CD28D9E6A100DA86A1 /* URL+Ext.swift in Sources */,
				7341DCD028E03B17009A3A3C /* RepoHeaderView.swift in Sources */,
				7339201928F5883500DC76B0 /* RssFeedDetailViewController.swift in Sources */,
				7339201328F5458100DC76B0 /* DateHelper.swift in Sources */,
				7320170328F48227007B970F /* FeedViewController.swift in Sources */,
				73DF6BF028EAE0A00003BDB8 /* DeveloperGroupManager.swift in Sources */,
				73DF6C0828EC69840003BDB8 /* Issue.swift in Sources */,
				73B7904828E51A3A002A9CDC /* UIImage+Ext.swift in Sources */,
				73AACB5828D483CA0072B1DF /* UserContributionCell.swift in Sources */,
				73AACB0C28D30B3D0072B1DF /* Error.swift in Sources */,
				735D0E082903115E00E618B3 /* mach_stack_info.c in Sources */,
				73AACB0A28D30B0C0072B1DF /* URLConvertible.swift in Sources */,
				73AACB4A28D4463B0072B1DF /* UIView+Loading.swift in Sources */,
				73AACB5E28D4BD3B0072B1DF /* UserStaredReposViewController.swift in Sources */,
				73AACB5A28D4B8610072B1DF /* Repo.swift in Sources */,
				732B21D028E1C09B005893C0 /* RepoStarView.swift in Sources */,
				73101D3F28E3077C00DB5423 /* UserManager.swift in Sources */,
				73AACB3E28D362430072B1DF /* Consts.swift in Sources */,
				7374D19728E0BC1D00E6BE47 /* Readme.swift in Sources */,
				73DF6BEE28EADD160003BDB8 /* LocalDeveloperSectionHeaderView.swift in Sources */,
				73074CD128F1559D001A90E7 /* UserInfoViewController.swift in Sources */,
				7320170928F535CB007B970F /* RssFeed.swift in Sources */,
				73AACB1828D312D30072B1DF /* GithubRouter.swift in Sources */,
				73101D5028E4A10400DB5423 /* LocalDeveloperGroup.swift in Sources */,
				735D0E092903115E00E618B3 /* DJStuckMonitor.swift in Sources */,
				73DF6BEC28EACF340003BDB8 /* SearchWordHeaderView.swift in Sources */,
				73074CC428EEF54F001A90E7 /* HUD.swift in Sources */,
				73B7905228E53353002A9CDC /* Config.swift in Sources */,
				7341DCCA28DF2B4B009A3A3C /* ImageCoder.swift in Sources */,
			);
			runOnlyForDeploymentPostprocessing = 0;
		};
		73AACAE328D308A70072B1DF /* Sources */ = {
			isa = PBXSourcesBuildPhase;
			buildActionMask = 2147483647;
			files = (
				73AACAEC28D308A70072B1DF /* DJGithubTests.swift in Sources */,
			);
			runOnlyForDeploymentPostprocessing = 0;
		};
		73AACAED28D308A70072B1DF /* Sources */ = {
			isa = PBXSourcesBuildPhase;
			buildActionMask = 2147483647;
			files = (
				73AACAF828D308A70072B1DF /* DJGithubUITestsLaunchTests.swift in Sources */,
				73AACAF628D308A70072B1DF /* DJGithubUITests.swift in Sources */,
			);
			runOnlyForDeploymentPostprocessing = 0;
		};
/* End PBXSourcesBuildPhase section */

/* Begin PBXTargetDependency section */
		73AACAE928D308A70072B1DF /* PBXTargetDependency */ = {
			isa = PBXTargetDependency;
			target = 73AACAD028D308A60072B1DF /* DJGithub */;
			targetProxy = 73AACAE828D308A70072B1DF /* PBXContainerItemProxy */;
		};
		73AACAF328D308A70072B1DF /* PBXTargetDependency */ = {
			isa = PBXTargetDependency;
			target = 73AACAD028D308A60072B1DF /* DJGithub */;
			targetProxy = 73AACAF228D308A70072B1DF /* PBXContainerItemProxy */;
		};
/* End PBXTargetDependency section */

/* Begin PBXVariantGroup section */
		73AACADA28D308A60072B1DF /* Main.storyboard */ = {
			isa = PBXVariantGroup;
			children = (
				73AACADB28D308A60072B1DF /* Base */,
			);
			name = Main.storyboard;
			sourceTree = "<group>";
		};
		73AACADF28D308A70072B1DF /* LaunchScreen.storyboard */ = {
			isa = PBXVariantGroup;
			children = (
				73AACAE028D308A70072B1DF /* Base */,
			);
			name = LaunchScreen.storyboard;
			sourceTree = "<group>";
		};
/* End PBXVariantGroup section */

/* Begin XCBuildConfiguration section */
		73AACAF928D308A70072B1DF /* Debug */ = {
			isa = XCBuildConfiguration;
			buildSettings = {
				ALWAYS_SEARCH_USER_PATHS = NO;
				CLANG_ANALYZER_NONNULL = YES;
				CLANG_ANALYZER_NUMBER_OBJECT_CONVERSION = YES_AGGRESSIVE;
				CLANG_CXX_LANGUAGE_STANDARD = "gnu++17";
				CLANG_ENABLE_MODULES = YES;
				CLANG_ENABLE_OBJC_ARC = YES;
				CLANG_ENABLE_OBJC_WEAK = YES;
				CLANG_WARN_BLOCK_CAPTURE_AUTORELEASING = YES;
				CLANG_WARN_BOOL_CONVERSION = YES;
				CLANG_WARN_COMMA = YES;
				CLANG_WARN_CONSTANT_CONVERSION = YES;
				CLANG_WARN_DEPRECATED_OBJC_IMPLEMENTATIONS = YES;
				CLANG_WARN_DIRECT_OBJC_ISA_USAGE = YES_ERROR;
				CLANG_WARN_DOCUMENTATION_COMMENTS = YES;
				CLANG_WARN_EMPTY_BODY = YES;
				CLANG_WARN_ENUM_CONVERSION = YES;
				CLANG_WARN_INFINITE_RECURSION = YES;
				CLANG_WARN_INT_CONVERSION = YES;
				CLANG_WARN_NON_LITERAL_NULL_CONVERSION = YES;
				CLANG_WARN_OBJC_IMPLICIT_RETAIN_SELF = YES;
				CLANG_WARN_OBJC_LITERAL_CONVERSION = YES;
				CLANG_WARN_OBJC_ROOT_CLASS = YES_ERROR;
				CLANG_WARN_QUOTED_INCLUDE_IN_FRAMEWORK_HEADER = YES;
				CLANG_WARN_RANGE_LOOP_ANALYSIS = YES;
				CLANG_WARN_STRICT_PROTOTYPES = YES;
				CLANG_WARN_SUSPICIOUS_MOVE = YES;
				CLANG_WARN_UNGUARDED_AVAILABILITY = YES_AGGRESSIVE;
				CLANG_WARN_UNREACHABLE_CODE = YES;
				CLANG_WARN__DUPLICATE_METHOD_MATCH = YES;
				COPY_PHASE_STRIP = NO;
				DEBUG_INFORMATION_FORMAT = dwarf;
				ENABLE_STRICT_OBJC_MSGSEND = YES;
				ENABLE_TESTABILITY = YES;
				GCC_C_LANGUAGE_STANDARD = gnu11;
				GCC_DYNAMIC_NO_PIC = NO;
				GCC_NO_COMMON_BLOCKS = YES;
				GCC_OPTIMIZATION_LEVEL = 0;
				GCC_PREPROCESSOR_DEFINITIONS = (
					"DEBUG=1",
					"$(inherited)",
				);
				GCC_WARN_64_TO_32_BIT_CONVERSION = YES;
				GCC_WARN_ABOUT_RETURN_TYPE = YES_ERROR;
				GCC_WARN_UNDECLARED_SELECTOR = YES;
				GCC_WARN_UNINITIALIZED_AUTOS = YES_AGGRESSIVE;
				GCC_WARN_UNUSED_FUNCTION = YES;
				GCC_WARN_UNUSED_VARIABLE = YES;
				IPHONEOS_DEPLOYMENT_TARGET = 15.5;
				MTL_ENABLE_DEBUG_INFO = INCLUDE_SOURCE;
				MTL_FAST_MATH = YES;
				ONLY_ACTIVE_ARCH = YES;
				SDKROOT = iphoneos;
				SWIFT_ACTIVE_COMPILATION_CONDITIONS = DEBUG;
				SWIFT_OPTIMIZATION_LEVEL = "-Onone";
			};
			name = Debug;
		};
		73AACAFA28D308A70072B1DF /* Release */ = {
			isa = XCBuildConfiguration;
			buildSettings = {
				ALWAYS_SEARCH_USER_PATHS = NO;
				CLANG_ANALYZER_NONNULL = YES;
				CLANG_ANALYZER_NUMBER_OBJECT_CONVERSION = YES_AGGRESSIVE;
				CLANG_CXX_LANGUAGE_STANDARD = "gnu++17";
				CLANG_ENABLE_MODULES = YES;
				CLANG_ENABLE_OBJC_ARC = YES;
				CLANG_ENABLE_OBJC_WEAK = YES;
				CLANG_WARN_BLOCK_CAPTURE_AUTORELEASING = YES;
				CLANG_WARN_BOOL_CONVERSION = YES;
				CLANG_WARN_COMMA = YES;
				CLANG_WARN_CONSTANT_CONVERSION = YES;
				CLANG_WARN_DEPRECATED_OBJC_IMPLEMENTATIONS = YES;
				CLANG_WARN_DIRECT_OBJC_ISA_USAGE = YES_ERROR;
				CLANG_WARN_DOCUMENTATION_COMMENTS = YES;
				CLANG_WARN_EMPTY_BODY = YES;
				CLANG_WARN_ENUM_CONVERSION = YES;
				CLANG_WARN_INFINITE_RECURSION = YES;
				CLANG_WARN_INT_CONVERSION = YES;
				CLANG_WARN_NON_LITERAL_NULL_CONVERSION = YES;
				CLANG_WARN_OBJC_IMPLICIT_RETAIN_SELF = YES;
				CLANG_WARN_OBJC_LITERAL_CONVERSION = YES;
				CLANG_WARN_OBJC_ROOT_CLASS = YES_ERROR;
				CLANG_WARN_QUOTED_INCLUDE_IN_FRAMEWORK_HEADER = YES;
				CLANG_WARN_RANGE_LOOP_ANALYSIS = YES;
				CLANG_WARN_STRICT_PROTOTYPES = YES;
				CLANG_WARN_SUSPICIOUS_MOVE = YES;
				CLANG_WARN_UNGUARDED_AVAILABILITY = YES_AGGRESSIVE;
				CLANG_WARN_UNREACHABLE_CODE = YES;
				CLANG_WARN__DUPLICATE_METHOD_MATCH = YES;
				COPY_PHASE_STRIP = NO;
				DEBUG_INFORMATION_FORMAT = "dwarf-with-dsym";
				ENABLE_NS_ASSERTIONS = NO;
				ENABLE_STRICT_OBJC_MSGSEND = YES;
				GCC_C_LANGUAGE_STANDARD = gnu11;
				GCC_NO_COMMON_BLOCKS = YES;
				GCC_WARN_64_TO_32_BIT_CONVERSION = YES;
				GCC_WARN_ABOUT_RETURN_TYPE = YES_ERROR;
				GCC_WARN_UNDECLARED_SELECTOR = YES;
				GCC_WARN_UNINITIALIZED_AUTOS = YES_AGGRESSIVE;
				GCC_WARN_UNUSED_FUNCTION = YES;
				GCC_WARN_UNUSED_VARIABLE = YES;
				IPHONEOS_DEPLOYMENT_TARGET = 15.5;
				MTL_ENABLE_DEBUG_INFO = NO;
				MTL_FAST_MATH = YES;
				SDKROOT = iphoneos;
				SWIFT_COMPILATION_MODE = wholemodule;
				SWIFT_OPTIMIZATION_LEVEL = "-O";
				VALIDATE_PRODUCT = YES;
			};
			name = Release;
		};
		73AACAFC28D308A70072B1DF /* Debug */ = {
			isa = XCBuildConfiguration;
			buildSettings = {
				ASSETCATALOG_COMPILER_APPICON_NAME = AppIcon;
				ASSETCATALOG_COMPILER_GLOBAL_ACCENT_COLOR_NAME = AccentColor;
				CODE_SIGN_IDENTITY = "Apple Development";
				CODE_SIGN_STYLE = Automatic;
				CURRENT_PROJECT_VERSION = 1;
				DEVELOPMENT_TEAM = TK53JJUBAJ;
				GENERATE_INFOPLIST_FILE = YES;
				INFOPLIST_FILE = DJGithub/Info.plist;
				INFOPLIST_KEY_UIApplicationSupportsIndirectInputEvents = YES;
				INFOPLIST_KEY_UILaunchStoryboardName = LaunchScreen;
				INFOPLIST_KEY_UIMainStoryboardFile = Main;
				INFOPLIST_KEY_UISupportedInterfaceOrientations = "UIInterfaceOrientationLandscapeLeft UIInterfaceOrientationLandscapeRight UIInterfaceOrientationPortrait";
				INFOPLIST_KEY_UISupportedInterfaceOrientations_iPad = "UIInterfaceOrientationLandscapeLeft UIInterfaceOrientationLandscapeRight UIInterfaceOrientationPortrait UIInterfaceOrientationPortraitUpsideDown";
				LD_RUNPATH_SEARCH_PATHS = (
					"$(inherited)",
					"@executable_path/Frameworks",
				);
				MARKETING_VERSION = 1.0;
				PRODUCT_BUNDLE_IDENTIFIER = com.dyljqq.DJGithub;
				PRODUCT_NAME = "$(TARGET_NAME)";
				PROVISIONING_PROFILE_SPECIFIER = "";
				SUPPORTED_PLATFORMS = "iphoneos iphonesimulator";
				SUPPORTS_MACCATALYST = NO;
				SUPPORTS_MAC_DESIGNED_FOR_IPHONE_IPAD = NO;
				SWIFT_EMIT_LOC_STRINGS = YES;
				SWIFT_VERSION = 5.0;
				TARGETED_DEVICE_FAMILY = 1;
			};
			name = Debug;
		};
		73AACAFD28D308A70072B1DF /* Release */ = {
			isa = XCBuildConfiguration;
			buildSettings = {
				ASSETCATALOG_COMPILER_APPICON_NAME = AppIcon;
				ASSETCATALOG_COMPILER_GLOBAL_ACCENT_COLOR_NAME = AccentColor;
				CODE_SIGN_IDENTITY = "Apple Development";
				CODE_SIGN_STYLE = Automatic;
				CURRENT_PROJECT_VERSION = 1;
				DEVELOPMENT_TEAM = TK53JJUBAJ;
				GENERATE_INFOPLIST_FILE = YES;
				INFOPLIST_FILE = DJGithub/Info.plist;
				INFOPLIST_KEY_UIApplicationSupportsIndirectInputEvents = YES;
				INFOPLIST_KEY_UILaunchStoryboardName = LaunchScreen;
				INFOPLIST_KEY_UIMainStoryboardFile = Main;
				INFOPLIST_KEY_UISupportedInterfaceOrientations = "UIInterfaceOrientationLandscapeLeft UIInterfaceOrientationLandscapeRight UIInterfaceOrientationPortrait";
				INFOPLIST_KEY_UISupportedInterfaceOrientations_iPad = "UIInterfaceOrientationLandscapeLeft UIInterfaceOrientationLandscapeRight UIInterfaceOrientationPortrait UIInterfaceOrientationPortraitUpsideDown";
				LD_RUNPATH_SEARCH_PATHS = (
					"$(inherited)",
					"@executable_path/Frameworks",
				);
				MARKETING_VERSION = 1.0;
				PRODUCT_BUNDLE_IDENTIFIER = com.dyljqq.DJGithub;
				PRODUCT_NAME = "$(TARGET_NAME)";
				PROVISIONING_PROFILE_SPECIFIER = "";
				SUPPORTED_PLATFORMS = "iphoneos iphonesimulator";
				SUPPORTS_MACCATALYST = NO;
				SUPPORTS_MAC_DESIGNED_FOR_IPHONE_IPAD = NO;
				SWIFT_EMIT_LOC_STRINGS = YES;
				SWIFT_VERSION = 5.0;
				TARGETED_DEVICE_FAMILY = 1;
			};
			name = Release;
		};
		73AACAFF28D308A70072B1DF /* Debug */ = {
			isa = XCBuildConfiguration;
			buildSettings = {
				ALWAYS_EMBED_SWIFT_STANDARD_LIBRARIES = YES;
				BUNDLE_LOADER = "$(TEST_HOST)";
				CODE_SIGN_STYLE = Automatic;
				CURRENT_PROJECT_VERSION = 1;
				DEVELOPMENT_TEAM = U4Y29F8CZ3;
				GENERATE_INFOPLIST_FILE = YES;
				IPHONEOS_DEPLOYMENT_TARGET = 15.5;
				MARKETING_VERSION = 1.0;
				PRODUCT_BUNDLE_IDENTIFIER = com.dyljqq.DJGithubTests;
				PRODUCT_NAME = "$(TARGET_NAME)";
				SWIFT_EMIT_LOC_STRINGS = NO;
				SWIFT_VERSION = 5.0;
				TARGETED_DEVICE_FAMILY = "1,2";
				TEST_HOST = "$(BUILT_PRODUCTS_DIR)/DJGithub.app/DJGithub";
			};
			name = Debug;
		};
		73AACB0028D308A70072B1DF /* Release */ = {
			isa = XCBuildConfiguration;
			buildSettings = {
				ALWAYS_EMBED_SWIFT_STANDARD_LIBRARIES = YES;
				BUNDLE_LOADER = "$(TEST_HOST)";
				CODE_SIGN_STYLE = Automatic;
				CURRENT_PROJECT_VERSION = 1;
				DEVELOPMENT_TEAM = U4Y29F8CZ3;
				GENERATE_INFOPLIST_FILE = YES;
				IPHONEOS_DEPLOYMENT_TARGET = 15.5;
				MARKETING_VERSION = 1.0;
				PRODUCT_BUNDLE_IDENTIFIER = com.dyljqq.DJGithubTests;
				PRODUCT_NAME = "$(TARGET_NAME)";
				SWIFT_EMIT_LOC_STRINGS = NO;
				SWIFT_VERSION = 5.0;
				TARGETED_DEVICE_FAMILY = "1,2";
				TEST_HOST = "$(BUILT_PRODUCTS_DIR)/DJGithub.app/DJGithub";
			};
			name = Release;
		};
		73AACB0228D308A70072B1DF /* Debug */ = {
			isa = XCBuildConfiguration;
			buildSettings = {
				ALWAYS_EMBED_SWIFT_STANDARD_LIBRARIES = YES;
				CODE_SIGN_STYLE = Automatic;
				CURRENT_PROJECT_VERSION = 1;
				DEVELOPMENT_TEAM = U4Y29F8CZ3;
				GENERATE_INFOPLIST_FILE = YES;
				MARKETING_VERSION = 1.0;
				PRODUCT_BUNDLE_IDENTIFIER = com.dyljqq.DJGithubUITests;
				PRODUCT_NAME = "$(TARGET_NAME)";
				SWIFT_EMIT_LOC_STRINGS = NO;
				SWIFT_VERSION = 5.0;
				TARGETED_DEVICE_FAMILY = "1,2";
				TEST_TARGET_NAME = DJGithub;
			};
			name = Debug;
		};
		73AACB0328D308A70072B1DF /* Release */ = {
			isa = XCBuildConfiguration;
			buildSettings = {
				ALWAYS_EMBED_SWIFT_STANDARD_LIBRARIES = YES;
				CODE_SIGN_STYLE = Automatic;
				CURRENT_PROJECT_VERSION = 1;
				DEVELOPMENT_TEAM = U4Y29F8CZ3;
				GENERATE_INFOPLIST_FILE = YES;
				MARKETING_VERSION = 1.0;
				PRODUCT_BUNDLE_IDENTIFIER = com.dyljqq.DJGithubUITests;
				PRODUCT_NAME = "$(TARGET_NAME)";
				SWIFT_EMIT_LOC_STRINGS = NO;
				SWIFT_VERSION = 5.0;
				TARGETED_DEVICE_FAMILY = "1,2";
				TEST_TARGET_NAME = DJGithub;
			};
			name = Release;
		};
/* End XCBuildConfiguration section */

/* Begin XCConfigurationList section */
		73AACACC28D308A60072B1DF /* Build configuration list for PBXProject "DJGithub" */ = {
			isa = XCConfigurationList;
			buildConfigurations = (
				73AACAF928D308A70072B1DF /* Debug */,
				73AACAFA28D308A70072B1DF /* Release */,
			);
			defaultConfigurationIsVisible = 0;
			defaultConfigurationName = Release;
		};
		73AACAFB28D308A70072B1DF /* Build configuration list for PBXNativeTarget "DJGithub" */ = {
			isa = XCConfigurationList;
			buildConfigurations = (
				73AACAFC28D308A70072B1DF /* Debug */,
				73AACAFD28D308A70072B1DF /* Release */,
			);
			defaultConfigurationIsVisible = 0;
			defaultConfigurationName = Release;
		};
		73AACAFE28D308A70072B1DF /* Build configuration list for PBXNativeTarget "DJGithubTests" */ = {
			isa = XCConfigurationList;
			buildConfigurations = (
				73AACAFF28D308A70072B1DF /* Debug */,
				73AACB0028D308A70072B1DF /* Release */,
			);
			defaultConfigurationIsVisible = 0;
			defaultConfigurationName = Release;
		};
		73AACB0128D308A70072B1DF /* Build configuration list for PBXNativeTarget "DJGithubUITests" */ = {
			isa = XCConfigurationList;
			buildConfigurations = (
				73AACB0228D308A70072B1DF /* Debug */,
				73AACB0328D308A70072B1DF /* Release */,
			);
			defaultConfigurationIsVisible = 0;
			defaultConfigurationName = Release;
		};
/* End XCConfigurationList section */

/* Begin XCRemoteSwiftPackageReference section */
		7341DCDB28E0792F009A3A3C /* XCRemoteSwiftPackageReference "SwiftyMarkdown" */ = {
			isa = XCRemoteSwiftPackageReference;
			repositoryURL = "https://github.com/SimonFairbairn/SwiftyMarkdown.git";
			requirement = {
				kind = upToNextMajorVersion;
				minimumVersion = 1.0.0;
			};
		};
		7374D19328E0B2F300E6BE47 /* XCRemoteSwiftPackageReference "SwiftyMarkdown" */ = {
			isa = XCRemoteSwiftPackageReference;
			repositoryURL = "https://github.com/SimonFairbairn/SwiftyMarkdown.git";
			requirement = {
				kind = upToNextMajorVersion;
				minimumVersion = 1.0.0;
			};
		};
		73AACB3628D359260072B1DF /* XCRemoteSwiftPackageReference "SnapKit" */ = {
			isa = XCRemoteSwiftPackageReference;
			repositoryURL = "https://github.com/SnapKit/SnapKit.git";
			requirement = {
				kind = upToNextMajorVersion;
				minimumVersion = 5.0.0;
			};
		};
		73AACB3F28D37E840072B1DF /* XCRemoteSwiftPackageReference "Kingfisher" */ = {
			isa = XCRemoteSwiftPackageReference;
			repositoryURL = "https://github.com/onevcat/Kingfisher.git";
			requirement = {
				kind = upToNextMajorVersion;
				minimumVersion = 7.0.0;
			};
		};
		73DE29CA28E0C08200B48009 /* XCRemoteSwiftPackageReference "MarkdownView" */ = {
			isa = XCRemoteSwiftPackageReference;
			repositoryURL = "https://github.com/keitaoouchi/MarkdownView.git";
			requirement = {
				kind = upToNextMajorVersion;
				minimumVersion = 1.0.0;
			};
		};
/* End XCRemoteSwiftPackageReference section */

/* Begin XCSwiftPackageProductDependency section */
		73AACB3728D359260072B1DF /* SnapKit */ = {
			isa = XCSwiftPackageProductDependency;
			package = 73AACB3628D359260072B1DF /* XCRemoteSwiftPackageReference "SnapKit" */;
			productName = SnapKit;
		};
		73AACB4028D37E840072B1DF /* Kingfisher */ = {
			isa = XCSwiftPackageProductDependency;
			package = 73AACB3F28D37E840072B1DF /* XCRemoteSwiftPackageReference "Kingfisher" */;
			productName = Kingfisher;
		};
		73D0DE242907B5F500F385E6 /* DJRefresh */ = {
			isa = XCSwiftPackageProductDependency;
			productName = DJRefresh;
		};
		73DE29CB28E0C08200B48009 /* MarkdownView */ = {
			isa = XCSwiftPackageProductDependency;
			package = 73DE29CA28E0C08200B48009 /* XCRemoteSwiftPackageReference "MarkdownView" */;
			productName = MarkdownView;
		};
/* End XCSwiftPackageProductDependency section */
	};
	rootObject = 73AACAC928D308A60072B1DF /* Project object */;
}
