{
  "pins" : [
    {
      "identity" : "djrefresh",
      "kind" : "remoteSourceControl",
      "location" : "https://github.com/dyljqq/DJRefresh.git",
      "state" : {
        "branch" : "main",
        "revision" : "d8372da5e62b0ff7618f79eb5eac78a5b2cf2353"
      }
    },
    {
      "identity" : "kingfisher",
      "kind" : "remoteSourceControl",
      "location" : "https://github.com/onevcat/Kingfisher.git",
      "state" : {
        "revision" : "add0a87ec4e31e2ca2a0b2085f0559201e4f5918",
        "version" : "7.10.1"
      }
    },
    {
      "identity" : "markdownview",
      "kind" : "remoteSourceControl",
      "location" : "https://github.com/keitaoouchi/MarkdownView.git",
      "state" : {
        "revision" : "5e62a27f1002cd63c350ef1a4c640ddcd1f1ed48",
        "version" : "1.9.1"
      }
    },
    {
      "identity" : "snapkit",
      "kind" : "remoteSourceControl",
      "location" : "https://github.com/SnapKit/SnapKit.git",
      "state" : {
        "revision" : "f222cbdf325885926566172f6f5f06af95473158",
        "version" : "5.6.0"
      }
    },
    {
      "identity" : "swiftsoup",
      "kind" : "remoteSourceControl",
      "location" : "https://github.com/scinfu/SwiftSoup.git",
      "state" : {
        "revision" : "f707b8680cddb96dc1855632340a572ef37bbb98",
        "version" : "2.5.3"
      }
    },
    {
      "identity" : "swiftymarkdown",
      "kind" : "remoteSourceControl",
      "location" : "https://github.com/SimonFairbairn/SwiftyMarkdown.git",
      "state" : {
        "revision" : "dde451ab4ed9b77b328e21baa471fdfa0cf61369",
        "version" : "1.2.4"
      }
    }
  ],
  "version" : 2
}
